// !$*UTF8*$!
{
	archiveVersion = 1;
	classes = {
	};
	objectVersion = 48;
	objects = {

/* Begin PBXBuildFile section */
		65F8C1CF2183699500924657 /* Changeset.swift in Sources */ = {isa = PBXBuildFile; fileRef = 9AD5D4181F95F7FE00E6AE5A /* Changeset.swift */; };
		65F8C1D02183699500924657 /* Snapshot.swift in Sources */ = {isa = PBXBuildFile; fileRef = 9AD5D4191F95F7FE00E6AE5A /* Snapshot.swift */; };
		65F8C1D12183699500924657 /* SectionedChangeset.swift in Sources */ = {isa = PBXBuildFile; fileRef = 9A53A38C1F9BCB5E00B4C411 /* SectionedChangeset.swift */; };
		65F8C1D42183699500924657 /* FlexibleDiff.h in Headers */ = {isa = PBXBuildFile; fileRef = 9A4CCB611F95E38A00ACF758 /* FlexibleDiff.h */; settings = {ATTRIBUTES = (Public, ); }; };
		65F8C1F2218369A400924657 /* Changeset.swift in Sources */ = {isa = PBXBuildFile; fileRef = 9AD5D4181F95F7FE00E6AE5A /* Changeset.swift */; };
		65F8C1F3218369A400924657 /* Snapshot.swift in Sources */ = {isa = PBXBuildFile; fileRef = 9AD5D4191F95F7FE00E6AE5A /* Snapshot.swift */; };
		65F8C1F4218369A400924657 /* SectionedChangeset.swift in Sources */ = {isa = PBXBuildFile; fileRef = 9A53A38C1F9BCB5E00B4C411 /* SectionedChangeset.swift */; };
		65F8C1F7218369A400924657 /* FlexibleDiff.h in Headers */ = {isa = PBXBuildFile; fileRef = 9A4CCB611F95E38A00ACF758 /* FlexibleDiff.h */; settings = {ATTRIBUTES = (Public, ); }; };
		65F8C21C21836A8E00924657 /* FlexibleDiff.framework in Frameworks */ = {isa = PBXBuildFile; fileRef = 9A4CCB181F95DEF000ACF758 /* FlexibleDiff.framework */; };
		65F8C22B21836AA400924657 /* FlexibleDiff.framework in Frameworks */ = {isa = PBXBuildFile; fileRef = 65F8C1FC218369A400924657 /* FlexibleDiff.framework */; };
		65F8C23A21836AB200924657 /* FlexibleDiff.framework in Frameworks */ = {isa = PBXBuildFile; fileRef = 65F8C1D92183699500924657 /* FlexibleDiff.framework */; };
		65F8C24021836B0B00924657 /* ChangesetSpec.swift in Sources */ = {isa = PBXBuildFile; fileRef = 9AD5D41D1F95F80900E6AE5A /* ChangesetSpec.swift */; };
		65F8C24121836B0B00924657 /* SectionedChangesetSpec.swift in Sources */ = {isa = PBXBuildFile; fileRef = 9A94B2B4205427CD00A92D5E /* SectionedChangesetSpec.swift */; };
		65F8C24221836B0B00924657 /* ReproducibilityTest.swift in Sources */ = {isa = PBXBuildFile; fileRef = 9A94B2B62054362000A92D5E /* ReproducibilityTest.swift */; };
		65F8C24321836B0B00924657 /* Delta+NimbleMatcher.swift in Sources */ = {isa = PBXBuildFile; fileRef = 9AD5D41C1F95F80900E6AE5A /* Delta+NimbleMatcher.swift */; };
		65F8C24421836B0B00924657 /* ChangesetSpec.swift in Sources */ = {isa = PBXBuildFile; fileRef = 9AD5D41D1F95F80900E6AE5A /* ChangesetSpec.swift */; };
		65F8C24521836B0B00924657 /* SectionedChangesetSpec.swift in Sources */ = {isa = PBXBuildFile; fileRef = 9A94B2B4205427CD00A92D5E /* SectionedChangesetSpec.swift */; };
		65F8C24621836B0B00924657 /* ReproducibilityTest.swift in Sources */ = {isa = PBXBuildFile; fileRef = 9A94B2B62054362000A92D5E /* ReproducibilityTest.swift */; };
		65F8C24721836B0B00924657 /* Delta+NimbleMatcher.swift in Sources */ = {isa = PBXBuildFile; fileRef = 9AD5D41C1F95F80900E6AE5A /* Delta+NimbleMatcher.swift */; };
		65F8C24821836B0B00924657 /* ChangesetSpec.swift in Sources */ = {isa = PBXBuildFile; fileRef = 9AD5D41D1F95F80900E6AE5A /* ChangesetSpec.swift */; };
		65F8C24921836B0B00924657 /* SectionedChangesetSpec.swift in Sources */ = {isa = PBXBuildFile; fileRef = 9A94B2B4205427CD00A92D5E /* SectionedChangesetSpec.swift */; };
		65F8C24A21836B0B00924657 /* ReproducibilityTest.swift in Sources */ = {isa = PBXBuildFile; fileRef = 9A94B2B62054362000A92D5E /* ReproducibilityTest.swift */; };
		65F8C24B21836B0B00924657 /* Delta+NimbleMatcher.swift in Sources */ = {isa = PBXBuildFile; fileRef = 9AD5D41C1F95F80900E6AE5A /* Delta+NimbleMatcher.swift */; };
		65F8C25321836BFB00924657 /* Nimble.framework in Frameworks */ = {isa = PBXBuildFile; fileRef = 65F8C25221836BFB00924657 /* Nimble.framework */; };
		65F8C25521836BFB00924657 /* Quick.framework in Frameworks */ = {isa = PBXBuildFile; fileRef = 65F8C25421836BFB00924657 /* Quick.framework */; };
		65F8C25B21836C0B00924657 /* Nimble.framework in Frameworks */ = {isa = PBXBuildFile; fileRef = 65F8C25A21836C0B00924657 /* Nimble.framework */; };
		65F8C25D21836C0B00924657 /* Quick.framework in Frameworks */ = {isa = PBXBuildFile; fileRef = 65F8C25C21836C0B00924657 /* Quick.framework */; };
		9A2D19191F9B3696009CD9C4 /* AppDelegate.swift in Sources */ = {isa = PBXBuildFile; fileRef = 9A2D19181F9B3696009CD9C4 /* AppDelegate.swift */; };
		9A2D191B1F9B3696009CD9C4 /* WordListViewController.swift in Sources */ = {isa = PBXBuildFile; fileRef = 9A2D191A1F9B3696009CD9C4 /* WordListViewController.swift */; };
		9A2D19201F9B3696009CD9C4 /* Assets.xcassets in Resources */ = {isa = PBXBuildFile; fileRef = 9A2D191F1F9B3696009CD9C4 /* Assets.xcassets */; };
		9A2D19231F9B3696009CD9C4 /* LaunchScreen.storyboard in Resources */ = {isa = PBXBuildFile; fileRef = 9A2D19211F9B3696009CD9C4 /* LaunchScreen.storyboard */; };
		9A2D19281F9B3725009CD9C4 /* FlexibleDiff.framework in Frameworks */ = {isa = PBXBuildFile; fileRef = 9A4CCB181F95DEF000ACF758 /* FlexibleDiff.framework */; };
		9A2D19291F9B3725009CD9C4 /* FlexibleDiff.framework in Embed Frameworks */ = {isa = PBXBuildFile; fileRef = 9A4CCB181F95DEF000ACF758 /* FlexibleDiff.framework */; settings = {ATTRIBUTES = (CodeSignOnCopy, RemoveHeadersOnCopy, ); }; };
		9A2D192E1F9B37D3009CD9C4 /* WordListBuilder.swift in Sources */ = {isa = PBXBuildFile; fileRef = 9A2D192D1F9B37D3009CD9C4 /* WordListBuilder.swift */; };
		9A2D19301F9B385A009CD9C4 /* WordListViewModel.swift in Sources */ = {isa = PBXBuildFile; fileRef = 9A2D192F1F9B385A009CD9C4 /* WordListViewModel.swift */; };
		9A2D19321F9B3905009CD9C4 /* Word.swift in Sources */ = {isa = PBXBuildFile; fileRef = 9A2D19311F9B3905009CD9C4 /* Word.swift */; };
		9A2D19341F9B3A0C009CD9C4 /* RootBuilder.swift in Sources */ = {isa = PBXBuildFile; fileRef = 9A2D19331F9B3A0C009CD9C4 /* RootBuilder.swift */; };
		9A2D19361F9B3B90009CD9C4 /* WordCell.swift in Sources */ = {isa = PBXBuildFile; fileRef = 9A2D19351F9B3B90009CD9C4 /* WordCell.swift */; };
		9A4CCB621F95E38A00ACF758 /* FlexibleDiff.h in Headers */ = {isa = PBXBuildFile; fileRef = 9A4CCB611F95E38A00ACF758 /* FlexibleDiff.h */; settings = {ATTRIBUTES = (Public, ); }; };
		9A53A38D1F9BCB5E00B4C411 /* SectionedChangeset.swift in Sources */ = {isa = PBXBuildFile; fileRef = 9A53A38C1F9BCB5E00B4C411 /* SectionedChangeset.swift */; };
		9AC7E0911F9B473100461122 /* WordListFlowController.swift in Sources */ = {isa = PBXBuildFile; fileRef = 9AC7E0901F9B473100461122 /* WordListFlowController.swift */; };
		9AD5D41A1F95F7FE00E6AE5A /* Changeset.swift in Sources */ = {isa = PBXBuildFile; fileRef = 9AD5D4181F95F7FE00E6AE5A /* Changeset.swift */; };
		9AD5D41B1F95F7FE00E6AE5A /* Snapshot.swift in Sources */ = {isa = PBXBuildFile; fileRef = 9AD5D4191F95F7FE00E6AE5A /* Snapshot.swift */; };
		9AE9561D2186320C005A8C69 /* Nimble.framework in Frameworks */ = {isa = PBXBuildFile; fileRef = 9AE9561C2186320C005A8C69 /* Nimble.framework */; };
		9AE9561F2186320C005A8C69 /* Quick.framework in Frameworks */ = {isa = PBXBuildFile; fileRef = 9AE9561E2186320C005A8C69 /* Quick.framework */; };
/* End PBXBuildFile section */

/* Begin PBXContainerItemProxy section */
		65F8C21D21836A8E00924657 /* PBXContainerItemProxy */ = {
			isa = PBXContainerItemProxy;
			containerPortal = 9A4CCB0F1F95DEF000ACF758 /* Project object */;
			proxyType = 1;
			remoteGlobalIDString = 9A4CCB171F95DEF000ACF758;
			remoteInfo = "FlexibleDiff-iOS";
		};
		65F8C22C21836AA400924657 /* PBXContainerItemProxy */ = {
			isa = PBXContainerItemProxy;
			containerPortal = 9A4CCB0F1F95DEF000ACF758 /* Project object */;
			proxyType = 1;
			remoteGlobalIDString = 65F8C1F0218369A400924657;
			remoteInfo = "FlexibleDiff-tvOS";
		};
		65F8C23B21836AB200924657 /* PBXContainerItemProxy */ = {
			isa = PBXContainerItemProxy;
			containerPortal = 9A4CCB0F1F95DEF000ACF758 /* Project object */;
			proxyType = 1;
			remoteGlobalIDString = 65F8C1CD2183699500924657;
			remoteInfo = "FlexibleDiff-macOS";
		};
		9A2D192A1F9B3725009CD9C4 /* PBXContainerItemProxy */ = {
			isa = PBXContainerItemProxy;
			containerPortal = 9A4CCB0F1F95DEF000ACF758 /* Project object */;
			proxyType = 1;
			remoteGlobalIDString = 9A4CCB171F95DEF000ACF758;
			remoteInfo = FlexibleDiff;
		};
/* End PBXContainerItemProxy section */

/* Begin PBXCopyFilesBuildPhase section */
		9A2D192C1F9B3725009CD9C4 /* Embed Frameworks */ = {
			isa = PBXCopyFilesBuildPhase;
			buildActionMask = 2147483647;
			dstPath = "";
			dstSubfolderSpec = 10;
			files = (
				9A2D19291F9B3725009CD9C4 /* FlexibleDiff.framework in Embed Frameworks */,
			);
			name = "Embed Frameworks";
			runOnlyForDeploymentPostprocessing = 0;
		};
/* End PBXCopyFilesBuildPhase section */

/* Begin PBXFileReference section */
		65F8C1D92183699500924657 /* FlexibleDiff.framework */ = {isa = PBXFileReference; explicitFileType = wrapper.framework; includeInIndex = 0; path = FlexibleDiff.framework; sourceTree = BUILT_PRODUCTS_DIR; };
		65F8C1FC218369A400924657 /* FlexibleDiff.framework */ = {isa = PBXFileReference; explicitFileType = wrapper.framework; includeInIndex = 0; path = FlexibleDiff.framework; sourceTree = BUILT_PRODUCTS_DIR; };
		65F8C21721836A8E00924657 /* FlexibleDiffTests.xctest */ = {isa = PBXFileReference; explicitFileType = wrapper.cfbundle; includeInIndex = 0; path = FlexibleDiffTests.xctest; sourceTree = BUILT_PRODUCTS_DIR; };
		65F8C22621836AA300924657 /* FlexibleDiffTests.xctest */ = {isa = PBXFileReference; explicitFileType = wrapper.cfbundle; includeInIndex = 0; path = FlexibleDiffTests.xctest; sourceTree = BUILT_PRODUCTS_DIR; };
		65F8C23521836AB200924657 /* FlexibleDiffTests.xctest */ = {isa = PBXFileReference; explicitFileType = wrapper.cfbundle; includeInIndex = 0; path = FlexibleDiffTests.xctest; sourceTree = BUILT_PRODUCTS_DIR; };
		65F8C25221836BFB00924657 /* Nimble.framework */ = {isa = PBXFileReference; explicitFileType = wrapper.framework; path = Nimble.framework; sourceTree = BUILT_PRODUCTS_DIR; };
		65F8C25421836BFB00924657 /* Quick.framework */ = {isa = PBXFileReference; explicitFileType = wrapper.framework; path = Quick.framework; sourceTree = BUILT_PRODUCTS_DIR; };
		65F8C25A21836C0B00924657 /* Nimble.framework */ = {isa = PBXFileReference; explicitFileType = wrapper.framework; path = Nimble.framework; sourceTree = BUILT_PRODUCTS_DIR; };
		65F8C25C21836C0B00924657 /* Quick.framework */ = {isa = PBXFileReference; explicitFileType = wrapper.framework; path = Quick.framework; sourceTree = BUILT_PRODUCTS_DIR; };
		9A2D19161F9B3696009CD9C4 /* WordList.app */ = {isa = PBXFileReference; explicitFileType = wrapper.application; includeInIndex = 0; path = WordList.app; sourceTree = BUILT_PRODUCTS_DIR; };
		9A2D19181F9B3696009CD9C4 /* AppDelegate.swift */ = {isa = PBXFileReference; lastKnownFileType = sourcecode.swift; path = AppDelegate.swift; sourceTree = "<group>"; };
		9A2D191A1F9B3696009CD9C4 /* WordListViewController.swift */ = {isa = PBXFileReference; lastKnownFileType = sourcecode.swift; path = WordListViewController.swift; sourceTree = "<group>"; };
		9A2D191F1F9B3696009CD9C4 /* Assets.xcassets */ = {isa = PBXFileReference; lastKnownFileType = folder.assetcatalog; path = Assets.xcassets; sourceTree = "<group>"; };
		9A2D19221F9B3696009CD9C4 /* Base */ = {isa = PBXFileReference; lastKnownFileType = file.storyboard; name = Base; path = Base.lproj/LaunchScreen.storyboard; sourceTree = "<group>"; };
		9A2D19241F9B3696009CD9C4 /* Info.plist */ = {isa = PBXFileReference; lastKnownFileType = text.plist.xml; path = Info.plist; sourceTree = "<group>"; };
		9A2D192D1F9B37D3009CD9C4 /* WordListBuilder.swift */ = {isa = PBXFileReference; lastKnownFileType = sourcecode.swift; path = WordListBuilder.swift; sourceTree = "<group>"; };
		9A2D192F1F9B385A009CD9C4 /* WordListViewModel.swift */ = {isa = PBXFileReference; lastKnownFileType = sourcecode.swift; path = WordListViewModel.swift; sourceTree = "<group>"; };
		9A2D19311F9B3905009CD9C4 /* Word.swift */ = {isa = PBXFileReference; lastKnownFileType = sourcecode.swift; path = Word.swift; sourceTree = "<group>"; };
		9A2D19331F9B3A0C009CD9C4 /* RootBuilder.swift */ = {isa = PBXFileReference; lastKnownFileType = sourcecode.swift; path = RootBuilder.swift; sourceTree = "<group>"; };
		9A2D19351F9B3B90009CD9C4 /* WordCell.swift */ = {isa = PBXFileReference; lastKnownFileType = sourcecode.swift; path = WordCell.swift; sourceTree = "<group>"; };
		9A4CCB181F95DEF000ACF758 /* FlexibleDiff.framework */ = {isa = PBXFileReference; explicitFileType = wrapper.framework; includeInIndex = 0; path = FlexibleDiff.framework; sourceTree = BUILT_PRODUCTS_DIR; };
		9A4CCB1C1F95DEF000ACF758 /* Info.plist */ = {isa = PBXFileReference; lastKnownFileType = text.plist.xml; path = Info.plist; sourceTree = "<group>"; };
		9A4CCB251F95E04C00ACF758 /* watchOS-Base.xcconfig */ = {isa = PBXFileReference; lastKnownFileType = text.xcconfig; path = "watchOS-Base.xcconfig"; sourceTree = "<group>"; };
		9A4CCB261F95E04C00ACF758 /* watchOS-Application.xcconfig */ = {isa = PBXFileReference; lastKnownFileType = text.xcconfig; path = "watchOS-Application.xcconfig"; sourceTree = "<group>"; };
		9A4CCB271F95E04C00ACF758 /* watchOS-StaticLibrary.xcconfig */ = {isa = PBXFileReference; lastKnownFileType = text.xcconfig; path = "watchOS-StaticLibrary.xcconfig"; sourceTree = "<group>"; };
		9A4CCB281F95E04C00ACF758 /* watchOS-Framework.xcconfig */ = {isa = PBXFileReference; lastKnownFileType = text.xcconfig; path = "watchOS-Framework.xcconfig"; sourceTree = "<group>"; };
		9A4CCB2A1F95E04C00ACF758 /* Mac-StaticLibrary.xcconfig */ = {isa = PBXFileReference; lastKnownFileType = text.xcconfig; path = "Mac-StaticLibrary.xcconfig"; sourceTree = "<group>"; };
		9A4CCB2B1F95E04C00ACF758 /* Mac-Framework.xcconfig */ = {isa = PBXFileReference; lastKnownFileType = text.xcconfig; path = "Mac-Framework.xcconfig"; sourceTree = "<group>"; };
		9A4CCB2C1F95E04C00ACF758 /* Mac-Base.xcconfig */ = {isa = PBXFileReference; lastKnownFileType = text.xcconfig; path = "Mac-Base.xcconfig"; sourceTree = "<group>"; };
		9A4CCB2D1F95E04C00ACF758 /* Mac-Application.xcconfig */ = {isa = PBXFileReference; lastKnownFileType = text.xcconfig; path = "Mac-Application.xcconfig"; sourceTree = "<group>"; };
		9A4CCB2E1F95E04C00ACF758 /* Mac-DynamicLibrary.xcconfig */ = {isa = PBXFileReference; lastKnownFileType = text.xcconfig; path = "Mac-DynamicLibrary.xcconfig"; sourceTree = "<group>"; };
		9A4CCB301F95E04C00ACF758 /* iOS-Framework.xcconfig */ = {isa = PBXFileReference; lastKnownFileType = text.xcconfig; path = "iOS-Framework.xcconfig"; sourceTree = "<group>"; };
		9A4CCB311F95E04C00ACF758 /* iOS-Extension.xcconfig */ = {isa = PBXFileReference; lastKnownFileType = text.xcconfig; path = "iOS-Extension.xcconfig"; sourceTree = "<group>"; };
		9A4CCB321F95E04C00ACF758 /* iOS-Base.xcconfig */ = {isa = PBXFileReference; lastKnownFileType = text.xcconfig; path = "iOS-Base.xcconfig"; sourceTree = "<group>"; };
		9A4CCB331F95E04C00ACF758 /* iOS-StaticLibrary.xcconfig */ = {isa = PBXFileReference; lastKnownFileType = text.xcconfig; path = "iOS-StaticLibrary.xcconfig"; sourceTree = "<group>"; };
		9A4CCB341F95E04C00ACF758 /* iOS-Application.xcconfig */ = {isa = PBXFileReference; lastKnownFileType = text.xcconfig; path = "iOS-Application.xcconfig"; sourceTree = "<group>"; };
		9A4CCB351F95E04C00ACF758 /* README.md */ = {isa = PBXFileReference; lastKnownFileType = net.daringfireball.markdown; path = README.md; sourceTree = "<group>"; };
		9A4CCB361F95E04C00ACF758 /* .gitignore */ = {isa = PBXFileReference; lastKnownFileType = text; path = .gitignore; sourceTree = "<group>"; };
		9A4CCB381F95E04C00ACF758 /* tvOS-Application.xcconfig */ = {isa = PBXFileReference; lastKnownFileType = text.xcconfig; path = "tvOS-Application.xcconfig"; sourceTree = "<group>"; };
		9A4CCB391F95E04C00ACF758 /* tvOS-Base.xcconfig */ = {isa = PBXFileReference; lastKnownFileType = text.xcconfig; path = "tvOS-Base.xcconfig"; sourceTree = "<group>"; };
		9A4CCB3A1F95E04C00ACF758 /* tvOS-StaticLibrary.xcconfig */ = {isa = PBXFileReference; lastKnownFileType = text.xcconfig; path = "tvOS-StaticLibrary.xcconfig"; sourceTree = "<group>"; };
		9A4CCB3B1F95E04C00ACF758 /* tvOS-Framework.xcconfig */ = {isa = PBXFileReference; lastKnownFileType = text.xcconfig; path = "tvOS-Framework.xcconfig"; sourceTree = "<group>"; };
		9A4CCB3E1F95E04C00ACF758 /* Profile.xcconfig */ = {isa = PBXFileReference; lastKnownFileType = text.xcconfig; path = Profile.xcconfig; sourceTree = "<group>"; };
		9A4CCB3F1F95E04C00ACF758 /* Debug.xcconfig */ = {isa = PBXFileReference; lastKnownFileType = text.xcconfig; path = Debug.xcconfig; sourceTree = "<group>"; };
		9A4CCB401F95E04C00ACF758 /* Release.xcconfig */ = {isa = PBXFileReference; lastKnownFileType = text.xcconfig; path = Release.xcconfig; sourceTree = "<group>"; };
		9A4CCB411F95E04C00ACF758 /* Test.xcconfig */ = {isa = PBXFileReference; lastKnownFileType = text.xcconfig; path = Test.xcconfig; sourceTree = "<group>"; };
		9A4CCB431F95E04C00ACF758 /* Extension.xcconfig */ = {isa = PBXFileReference; lastKnownFileType = text.xcconfig; path = Extension.xcconfig; sourceTree = "<group>"; };
		9A4CCB441F95E04C00ACF758 /* StaticLibrary.xcconfig */ = {isa = PBXFileReference; lastKnownFileType = text.xcconfig; path = StaticLibrary.xcconfig; sourceTree = "<group>"; };
		9A4CCB451F95E04C00ACF758 /* Application.xcconfig */ = {isa = PBXFileReference; lastKnownFileType = text.xcconfig; path = Application.xcconfig; sourceTree = "<group>"; };
		9A4CCB461F95E04C00ACF758 /* Framework.xcconfig */ = {isa = PBXFileReference; lastKnownFileType = text.xcconfig; path = Framework.xcconfig; sourceTree = "<group>"; };
		9A4CCB471F95E04C00ACF758 /* Common.xcconfig */ = {isa = PBXFileReference; lastKnownFileType = text.xcconfig; path = Common.xcconfig; sourceTree = "<group>"; };
		9A4CCB501F95E18900ACF758 /* Info.plist */ = {isa = PBXFileReference; lastKnownFileType = text.plist.xml; path = Info.plist; sourceTree = "<group>"; };
		9A4CCB611F95E38A00ACF758 /* FlexibleDiff.h */ = {isa = PBXFileReference; lastKnownFileType = sourcecode.c.h; path = FlexibleDiff.h; sourceTree = "<group>"; };
		9A53A38C1F9BCB5E00B4C411 /* SectionedChangeset.swift */ = {isa = PBXFileReference; indentWidth = 4; lastKnownFileType = sourcecode.swift; path = SectionedChangeset.swift; sourceTree = "<group>"; usesTabs = 1; };
		9A94B2B4205427CD00A92D5E /* SectionedChangesetSpec.swift */ = {isa = PBXFileReference; lastKnownFileType = sourcecode.swift; path = SectionedChangesetSpec.swift; sourceTree = "<group>"; usesTabs = 1; wrapsLines = 0; };
		9A94B2B62054362000A92D5E /* ReproducibilityTest.swift */ = {isa = PBXFileReference; lastKnownFileType = sourcecode.swift; path = ReproducibilityTest.swift; sourceTree = "<group>"; };
		9AC7E0901F9B473100461122 /* WordListFlowController.swift */ = {isa = PBXFileReference; lastKnownFileType = sourcecode.swift; path = WordListFlowController.swift; sourceTree = "<group>"; };
		9AD5D4181F95F7FE00E6AE5A /* Changeset.swift */ = {isa = PBXFileReference; fileEncoding = 4; lastKnownFileType = sourcecode.swift; path = Changeset.swift; sourceTree = "<group>"; };
		9AD5D4191F95F7FE00E6AE5A /* Snapshot.swift */ = {isa = PBXFileReference; fileEncoding = 4; lastKnownFileType = sourcecode.swift; path = Snapshot.swift; sourceTree = "<group>"; };
		9AD5D41C1F95F80900E6AE5A /* Delta+NimbleMatcher.swift */ = {isa = PBXFileReference; fileEncoding = 4; lastKnownFileType = sourcecode.swift; path = "Delta+NimbleMatcher.swift"; sourceTree = "<group>"; };
		9AD5D41D1F95F80900E6AE5A /* ChangesetSpec.swift */ = {isa = PBXFileReference; fileEncoding = 4; lastKnownFileType = sourcecode.swift; path = ChangesetSpec.swift; sourceTree = "<group>"; };
		9AE9561C2186320C005A8C69 /* Nimble.framework */ = {isa = PBXFileReference; explicitFileType = wrapper.framework; path = Nimble.framework; sourceTree = BUILT_PRODUCTS_DIR; };
		9AE9561E2186320C005A8C69 /* Quick.framework */ = {isa = PBXFileReference; explicitFileType = wrapper.framework; path = Quick.framework; sourceTree = BUILT_PRODUCTS_DIR; };
/* End PBXFileReference section */

/* Begin PBXFrameworksBuildPhase section */
		65F8C1D22183699500924657 /* Frameworks */ = {
			isa = PBXFrameworksBuildPhase;
			buildActionMask = 2147483647;
			files = (
			);
			runOnlyForDeploymentPostprocessing = 0;
		};
		65F8C1F5218369A400924657 /* Frameworks */ = {
			isa = PBXFrameworksBuildPhase;
			buildActionMask = 2147483647;
			files = (
			);
			runOnlyForDeploymentPostprocessing = 0;
		};
		65F8C21421836A8E00924657 /* Frameworks */ = {
			isa = PBXFrameworksBuildPhase;
			buildActionMask = 2147483647;
			files = (
				65F8C25B21836C0B00924657 /* Nimble.framework in Frameworks */,
				65F8C25D21836C0B00924657 /* Quick.framework in Frameworks */,
				65F8C21C21836A8E00924657 /* FlexibleDiff.framework in Frameworks */,
			);
			runOnlyForDeploymentPostprocessing = 0;
		};
		65F8C22321836AA300924657 /* Frameworks */ = {
			isa = PBXFrameworksBuildPhase;
			buildActionMask = 2147483647;
			files = (
				9AE9561D2186320C005A8C69 /* Nimble.framework in Frameworks */,
				9AE9561F2186320C005A8C69 /* Quick.framework in Frameworks */,
				65F8C22B21836AA400924657 /* FlexibleDiff.framework in Frameworks */,
			);
			runOnlyForDeploymentPostprocessing = 0;
		};
		65F8C23221836AB200924657 /* Frameworks */ = {
			isa = PBXFrameworksBuildPhase;
			buildActionMask = 2147483647;
			files = (
				65F8C25321836BFB00924657 /* Nimble.framework in Frameworks */,
				65F8C25521836BFB00924657 /* Quick.framework in Frameworks */,
				65F8C23A21836AB200924657 /* FlexibleDiff.framework in Frameworks */,
			);
			runOnlyForDeploymentPostprocessing = 0;
		};
		9A2D19131F9B3696009CD9C4 /* Frameworks */ = {
			isa = PBXFrameworksBuildPhase;
			buildActionMask = 2147483647;
			files = (
				9A2D19281F9B3725009CD9C4 /* FlexibleDiff.framework in Frameworks */,
			);
			runOnlyForDeploymentPostprocessing = 0;
		};
		9A4CCB141F95DEF000ACF758 /* Frameworks */ = {
			isa = PBXFrameworksBuildPhase;
			buildActionMask = 2147483647;
			files = (
			);
			runOnlyForDeploymentPostprocessing = 0;
		};
/* End PBXFrameworksBuildPhase section */

/* Begin PBXGroup section */
		9A2D19171F9B3696009CD9C4 /* WordList */ = {
			isa = PBXGroup;
			children = (
				9A2D19181F9B3696009CD9C4 /* AppDelegate.swift */,
				9A2D19371F9B3B9F009CD9C4 /* Builders */,
				9AC7E08F1F9B472100461122 /* Flow Controller */,
				9A2D19391F9B3BB0009CD9C4 /* View Models */,
				9A2D193A1F9B3BC5009CD9C4 /* Views */,
				9A2D191F1F9B3696009CD9C4 /* Assets.xcassets */,
				9A2D19211F9B3696009CD9C4 /* LaunchScreen.storyboard */,
				9A2D19241F9B3696009CD9C4 /* Info.plist */,
			);
			path = WordList;
			sourceTree = "<group>";
		};
		9A2D19371F9B3B9F009CD9C4 /* Builders */ = {
			isa = PBXGroup;
			children = (
				9A2D19331F9B3A0C009CD9C4 /* RootBuilder.swift */,
				9A2D192D1F9B37D3009CD9C4 /* WordListBuilder.swift */,
			);
			name = Builders;
			sourceTree = "<group>";
		};
		9A2D19391F9B3BB0009CD9C4 /* View Models */ = {
			isa = PBXGroup;
			children = (
				9A2D192F1F9B385A009CD9C4 /* WordListViewModel.swift */,
				9A2D19311F9B3905009CD9C4 /* Word.swift */,
			);
			name = "View Models";
			sourceTree = "<group>";
		};
		9A2D193A1F9B3BC5009CD9C4 /* Views */ = {
			isa = PBXGroup;
			children = (
				9A2D191A1F9B3696009CD9C4 /* WordListViewController.swift */,
				9A2D19351F9B3B90009CD9C4 /* WordCell.swift */,
			);
			name = Views;
			sourceTree = "<group>";
		};
		9A4CCB0E1F95DEF000ACF758 = {
			isa = PBXGroup;
			children = (
				9A4CCB1A1F95DEF000ACF758 /* FlexibleDiff */,
				9A4CCB4D1F95E18900ACF758 /* FlexibleDiffTests */,
				9A2D19171F9B3696009CD9C4 /* WordList */,
				9A4CCB231F95E04C00ACF758 /* Configurations */,
				9A4CCB191F95DEF000ACF758 /* Products */,
				9A4CCB581F95E21700ACF758 /* Frameworks */,
			);
			indentWidth = 4;
			sourceTree = "<group>";
			tabWidth = 4;
			usesTabs = 1;
		};
		9A4CCB191F95DEF000ACF758 /* Products */ = {
			isa = PBXGroup;
			children = (
				9A4CCB181F95DEF000ACF758 /* FlexibleDiff.framework */,
				9A2D19161F9B3696009CD9C4 /* WordList.app */,
				65F8C1D92183699500924657 /* FlexibleDiff.framework */,
				65F8C1FC218369A400924657 /* FlexibleDiff.framework */,
				65F8C21721836A8E00924657 /* FlexibleDiffTests.xctest */,
				65F8C22621836AA300924657 /* FlexibleDiffTests.xctest */,
				65F8C23521836AB200924657 /* FlexibleDiffTests.xctest */,
			);
			name = Products;
			sourceTree = "<group>";
		};
		9A4CCB1A1F95DEF000ACF758 /* FlexibleDiff */ = {
			isa = PBXGroup;
			children = (
				9AD5D4181F95F7FE00E6AE5A /* Changeset.swift */,
				9A53A38C1F9BCB5E00B4C411 /* SectionedChangeset.swift */,
				9AD5D4191F95F7FE00E6AE5A /* Snapshot.swift */,
				9A4CCB1C1F95DEF000ACF758 /* Info.plist */,
				9A4CCB611F95E38A00ACF758 /* FlexibleDiff.h */,
			);
			path = FlexibleDiff;
			sourceTree = "<group>";
		};
		9A4CCB231F95E04C00ACF758 /* Configurations */ = {
			isa = PBXGroup;
			children = (
				9A4CCB241F95E04C00ACF758 /* watchOS */,
				9A4CCB291F95E04C00ACF758 /* Mac OS X */,
				9A4CCB2F1F95E04C00ACF758 /* iOS */,
				9A4CCB351F95E04C00ACF758 /* README.md */,
				9A4CCB361F95E04C00ACF758 /* .gitignore */,
				9A4CCB371F95E04C00ACF758 /* tvOS */,
				9A4CCB3C1F95E04C00ACF758 /* Base */,
			);
			name = Configurations;
			path = Carthage/Checkouts/xcconfigs;
			sourceTree = "<group>";
		};
		9A4CCB241F95E04C00ACF758 /* watchOS */ = {
			isa = PBXGroup;
			children = (
				9A4CCB251F95E04C00ACF758 /* watchOS-Base.xcconfig */,
				9A4CCB261F95E04C00ACF758 /* watchOS-Application.xcconfig */,
				9A4CCB271F95E04C00ACF758 /* watchOS-StaticLibrary.xcconfig */,
				9A4CCB281F95E04C00ACF758 /* watchOS-Framework.xcconfig */,
			);
			path = watchOS;
			sourceTree = "<group>";
		};
		9A4CCB291F95E04C00ACF758 /* Mac OS X */ = {
			isa = PBXGroup;
			children = (
				9A4CCB2A1F95E04C00ACF758 /* Mac-StaticLibrary.xcconfig */,
				9A4CCB2B1F95E04C00ACF758 /* Mac-Framework.xcconfig */,
				9A4CCB2C1F95E04C00ACF758 /* Mac-Base.xcconfig */,
				9A4CCB2D1F95E04C00ACF758 /* Mac-Application.xcconfig */,
				9A4CCB2E1F95E04C00ACF758 /* Mac-DynamicLibrary.xcconfig */,
			);
			path = "Mac OS X";
			sourceTree = "<group>";
		};
		9A4CCB2F1F95E04C00ACF758 /* iOS */ = {
			isa = PBXGroup;
			children = (
				9A4CCB301F95E04C00ACF758 /* iOS-Framework.xcconfig */,
				9A4CCB311F95E04C00ACF758 /* iOS-Extension.xcconfig */,
				9A4CCB321F95E04C00ACF758 /* iOS-Base.xcconfig */,
				9A4CCB331F95E04C00ACF758 /* iOS-StaticLibrary.xcconfig */,
				9A4CCB341F95E04C00ACF758 /* iOS-Application.xcconfig */,
			);
			path = iOS;
			sourceTree = "<group>";
		};
		9A4CCB371F95E04C00ACF758 /* tvOS */ = {
			isa = PBXGroup;
			children = (
				9A4CCB381F95E04C00ACF758 /* tvOS-Application.xcconfig */,
				9A4CCB391F95E04C00ACF758 /* tvOS-Base.xcconfig */,
				9A4CCB3A1F95E04C00ACF758 /* tvOS-StaticLibrary.xcconfig */,
				9A4CCB3B1F95E04C00ACF758 /* tvOS-Framework.xcconfig */,
			);
			path = tvOS;
			sourceTree = "<group>";
		};
		9A4CCB3C1F95E04C00ACF758 /* Base */ = {
			isa = PBXGroup;
			children = (
				9A4CCB3D1F95E04C00ACF758 /* Configurations */,
				9A4CCB421F95E04C00ACF758 /* Targets */,
				9A4CCB471F95E04C00ACF758 /* Common.xcconfig */,
			);
			path = Base;
			sourceTree = "<group>";
		};
		9A4CCB3D1F95E04C00ACF758 /* Configurations */ = {
			isa = PBXGroup;
			children = (
				9A4CCB3E1F95E04C00ACF758 /* Profile.xcconfig */,
				9A4CCB3F1F95E04C00ACF758 /* Debug.xcconfig */,
				9A4CCB401F95E04C00ACF758 /* Release.xcconfig */,
				9A4CCB411F95E04C00ACF758 /* Test.xcconfig */,
			);
			path = Configurations;
			sourceTree = "<group>";
		};
		9A4CCB421F95E04C00ACF758 /* Targets */ = {
			isa = PBXGroup;
			children = (
				9A4CCB431F95E04C00ACF758 /* Extension.xcconfig */,
				9A4CCB441F95E04C00ACF758 /* StaticLibrary.xcconfig */,
				9A4CCB451F95E04C00ACF758 /* Application.xcconfig */,
				9A4CCB461F95E04C00ACF758 /* Framework.xcconfig */,
			);
			path = Targets;
			sourceTree = "<group>";
		};
		9A4CCB4D1F95E18900ACF758 /* FlexibleDiffTests */ = {
			isa = PBXGroup;
			children = (
				9AD5D41D1F95F80900E6AE5A /* ChangesetSpec.swift */,
				9A94B2B4205427CD00A92D5E /* SectionedChangesetSpec.swift */,
				9A94B2B62054362000A92D5E /* ReproducibilityTest.swift */,
				9AD5D41C1F95F80900E6AE5A /* Delta+NimbleMatcher.swift */,
				9A4CCB501F95E18900ACF758 /* Info.plist */,
			);
			path = FlexibleDiffTests;
			sourceTree = "<group>";
		};
		9A4CCB581F95E21700ACF758 /* Frameworks */ = {
			isa = PBXGroup;
			children = (
				9AE9561C2186320C005A8C69 /* Nimble.framework */,
				9AE9561E2186320C005A8C69 /* Quick.framework */,
				65F8C25A21836C0B00924657 /* Nimble.framework */,
				65F8C25C21836C0B00924657 /* Quick.framework */,
				65F8C25221836BFB00924657 /* Nimble.framework */,
				65F8C25421836BFB00924657 /* Quick.framework */,
			);
			name = Frameworks;
			sourceTree = "<group>";
		};
		9AC7E08F1F9B472100461122 /* Flow Controller */ = {
			isa = PBXGroup;
			children = (
				9AC7E0901F9B473100461122 /* WordListFlowController.swift */,
			);
			name = "Flow Controller";
			sourceTree = "<group>";
		};
/* End PBXGroup section */

/* Begin PBXHeadersBuildPhase section */
		65F8C1D32183699500924657 /* Headers */ = {
			isa = PBXHeadersBuildPhase;
			buildActionMask = 2147483647;
			files = (
				65F8C1D42183699500924657 /* FlexibleDiff.h in Headers */,
			);
			runOnlyForDeploymentPostprocessing = 0;
		};
		65F8C1F6218369A400924657 /* Headers */ = {
			isa = PBXHeadersBuildPhase;
			buildActionMask = 2147483647;
			files = (
				65F8C1F7218369A400924657 /* FlexibleDiff.h in Headers */,
			);
			runOnlyForDeploymentPostprocessing = 0;
		};
		9A4CCB151F95DEF000ACF758 /* Headers */ = {
			isa = PBXHeadersBuildPhase;
			buildActionMask = 2147483647;
			files = (
				9A4CCB621F95E38A00ACF758 /* FlexibleDiff.h in Headers */,
			);
			runOnlyForDeploymentPostprocessing = 0;
		};
/* End PBXHeadersBuildPhase section */

/* Begin PBXNativeTarget section */
		65F8C1CD2183699500924657 /* FlexibleDiff-macOS */ = {
			isa = PBXNativeTarget;
			buildConfigurationList = 65F8C1D62183699500924657 /* Build configuration list for PBXNativeTarget "FlexibleDiff-macOS" */;
			buildPhases = (
				65F8C1CE2183699500924657 /* Sources */,
				65F8C1D22183699500924657 /* Frameworks */,
				65F8C1D32183699500924657 /* Headers */,
				65F8C1D52183699500924657 /* Resources */,
			);
			buildRules = (
			);
			dependencies = (
			);
			name = "FlexibleDiff-macOS";
			productName = FlexibleDiff;
			productReference = 65F8C1D92183699500924657 /* FlexibleDiff.framework */;
			productType = "com.apple.product-type.framework";
		};
		65F8C1F0218369A400924657 /* FlexibleDiff-tvOS */ = {
			isa = PBXNativeTarget;
			buildConfigurationList = 65F8C1F9218369A400924657 /* Build configuration list for PBXNativeTarget "FlexibleDiff-tvOS" */;
			buildPhases = (
				65F8C1F1218369A400924657 /* Sources */,
				65F8C1F5218369A400924657 /* Frameworks */,
				65F8C1F6218369A400924657 /* Headers */,
				65F8C1F8218369A400924657 /* Resources */,
			);
			buildRules = (
			);
			dependencies = (
			);
			name = "FlexibleDiff-tvOS";
			productName = FlexibleDiff;
			productReference = 65F8C1FC218369A400924657 /* FlexibleDiff.framework */;
			productType = "com.apple.product-type.framework";
		};
		65F8C21621836A8E00924657 /* FlexibleDiffTests-iOS */ = {
			isa = PBXNativeTarget;
			buildConfigurationList = 65F8C21F21836A8E00924657 /* Build configuration list for PBXNativeTarget "FlexibleDiffTests-iOS" */;
			buildPhases = (
				65F8C21321836A8E00924657 /* Sources */,
				65F8C21421836A8E00924657 /* Frameworks */,
				65F8C21521836A8E00924657 /* Resources */,
			);
			buildRules = (
			);
			dependencies = (
				65F8C21E21836A8E00924657 /* PBXTargetDependency */,
			);
			name = "FlexibleDiffTests-iOS";
			productName = "FlexibleDiffTests-iOS";
			productReference = 65F8C21721836A8E00924657 /* FlexibleDiffTests.xctest */;
			productType = "com.apple.product-type.bundle.unit-test";
		};
		65F8C22521836AA300924657 /* FlexibleDiffTests-tvOS */ = {
			isa = PBXNativeTarget;
			buildConfigurationList = 65F8C22E21836AA400924657 /* Build configuration list for PBXNativeTarget "FlexibleDiffTests-tvOS" */;
			buildPhases = (
				65F8C22221836AA300924657 /* Sources */,
				65F8C22321836AA300924657 /* Frameworks */,
				65F8C22421836AA300924657 /* Resources */,
			);
			buildRules = (
			);
			dependencies = (
				65F8C22D21836AA400924657 /* PBXTargetDependency */,
			);
			name = "FlexibleDiffTests-tvOS";
			productName = "FlexibleDiffTests-tvOS";
			productReference = 65F8C22621836AA300924657 /* FlexibleDiffTests.xctest */;
			productType = "com.apple.product-type.bundle.unit-test";
		};
		65F8C23421836AB200924657 /* FlexibleDiffTests-macOS */ = {
			isa = PBXNativeTarget;
			buildConfigurationList = 65F8C23D21836AB200924657 /* Build configuration list for PBXNativeTarget "FlexibleDiffTests-macOS" */;
			buildPhases = (
				65F8C23121836AB200924657 /* Sources */,
				65F8C23221836AB200924657 /* Frameworks */,
				65F8C23321836AB200924657 /* Resources */,
			);
			buildRules = (
			);
			dependencies = (
				65F8C23C21836AB200924657 /* PBXTargetDependency */,
			);
			name = "FlexibleDiffTests-macOS";
			productName = "FlexibleDiffTests-macOS";
			productReference = 65F8C23521836AB200924657 /* FlexibleDiffTests.xctest */;
			productType = "com.apple.product-type.bundle.unit-test";
		};
		9A2D19151F9B3696009CD9C4 /* WordList */ = {
			isa = PBXNativeTarget;
			buildConfigurationList = 9A2D19271F9B3696009CD9C4 /* Build configuration list for PBXNativeTarget "WordList" */;
			buildPhases = (
				9A2D19121F9B3696009CD9C4 /* Sources */,
				9A2D19131F9B3696009CD9C4 /* Frameworks */,
				9A2D19141F9B3696009CD9C4 /* Resources */,
				9A2D192C1F9B3725009CD9C4 /* Embed Frameworks */,
			);
			buildRules = (
			);
			dependencies = (
				9A2D192B1F9B3725009CD9C4 /* PBXTargetDependency */,
			);
			name = WordList;
			productName = WordList;
			productReference = 9A2D19161F9B3696009CD9C4 /* WordList.app */;
			productType = "com.apple.product-type.application";
		};
		9A4CCB171F95DEF000ACF758 /* FlexibleDiff-iOS */ = {
			isa = PBXNativeTarget;
			buildConfigurationList = 9A4CCB201F95DEF000ACF758 /* Build configuration list for PBXNativeTarget "FlexibleDiff-iOS" */;
			buildPhases = (
				9A4CCB131F95DEF000ACF758 /* Sources */,
				9A4CCB141F95DEF000ACF758 /* Frameworks */,
				9A4CCB151F95DEF000ACF758 /* Headers */,
				9A4CCB161F95DEF000ACF758 /* Resources */,
			);
			buildRules = (
			);
			dependencies = (
			);
			name = "FlexibleDiff-iOS";
			productName = FlexibleDiff;
			productReference = 9A4CCB181F95DEF000ACF758 /* FlexibleDiff.framework */;
			productType = "com.apple.product-type.framework";
		};
/* End PBXNativeTarget section */

/* Begin PBXProject section */
		9A4CCB0F1F95DEF000ACF758 /* Project object */ = {
			isa = PBXProject;
			attributes = {
				LastSwiftUpdateCheck = 1000;
				LastUpgradeCheck = 0900;
				ORGANIZATIONNAME = ReactiveCocoa;
				TargetAttributes = {
					65F8C1CD2183699500924657 = {
						ProvisioningStyle = Manual;
					};
					65F8C1F0218369A400924657 = {
						ProvisioningStyle = Manual;
					};
					65F8C21621836A8E00924657 = {
						CreatedOnToolsVersion = 10.0;
						LastSwiftMigration = 1020;
						ProvisioningStyle = Automatic;
					};
					65F8C22521836AA300924657 = {
						CreatedOnToolsVersion = 10.0;
						ProvisioningStyle = Automatic;
					};
					65F8C23421836AB200924657 = {
						CreatedOnToolsVersion = 10.0;
						ProvisioningStyle = Automatic;
					};
					9A2D19151F9B3696009CD9C4 = {
						CreatedOnToolsVersion = 9.0;
						ProvisioningStyle = Manual;
					};
					9A4CCB171F95DEF000ACF758 = {
						CreatedOnToolsVersion = 9.0;
						LastSwiftMigration = 1020;
						ProvisioningStyle = Manual;
					};
				};
			};
			buildConfigurationList = 9A4CCB121F95DEF000ACF758 /* Build configuration list for PBXProject "FlexibleDiff" */;
			compatibilityVersion = "Xcode 8.0";
			developmentRegion = en;
			hasScannedForEncodings = 0;
			knownRegions = (
				en,
				Base,
			);
			mainGroup = 9A4CCB0E1F95DEF000ACF758;
			productRefGroup = 9A4CCB191F95DEF000ACF758 /* Products */;
			projectDirPath = "";
			projectRoot = "";
			targets = (
				65F8C1CD2183699500924657 /* FlexibleDiff-macOS */,
				9A4CCB171F95DEF000ACF758 /* FlexibleDiff-iOS */,
				65F8C1F0218369A400924657 /* FlexibleDiff-tvOS */,
				9A2D19151F9B3696009CD9C4 /* WordList */,
				65F8C21621836A8E00924657 /* FlexibleDiffTests-iOS */,
				65F8C22521836AA300924657 /* FlexibleDiffTests-tvOS */,
				65F8C23421836AB200924657 /* FlexibleDiffTests-macOS */,
			);
		};
/* End PBXProject section */

/* Begin PBXResourcesBuildPhase section */
		65F8C1D52183699500924657 /* Resources */ = {
			isa = PBXResourcesBuildPhase;
			buildActionMask = 2147483647;
			files = (
			);
			runOnlyForDeploymentPostprocessing = 0;
		};
		65F8C1F8218369A400924657 /* Resources */ = {
			isa = PBXResourcesBuildPhase;
			buildActionMask = 2147483647;
			files = (
			);
			runOnlyForDeploymentPostprocessing = 0;
		};
		65F8C21521836A8E00924657 /* Resources */ = {
			isa = PBXResourcesBuildPhase;
			buildActionMask = 2147483647;
			files = (
			);
			runOnlyForDeploymentPostprocessing = 0;
		};
		65F8C22421836AA300924657 /* Resources */ = {
			isa = PBXResourcesBuildPhase;
			buildActionMask = 2147483647;
			files = (
			);
			runOnlyForDeploymentPostprocessing = 0;
		};
		65F8C23321836AB200924657 /* Resources */ = {
			isa = PBXResourcesBuildPhase;
			buildActionMask = 2147483647;
			files = (
			);
			runOnlyForDeploymentPostprocessing = 0;
		};
		9A2D19141F9B3696009CD9C4 /* Resources */ = {
			isa = PBXResourcesBuildPhase;
			buildActionMask = 2147483647;
			files = (
				9A2D19231F9B3696009CD9C4 /* LaunchScreen.storyboard in Resources */,
				9A2D19201F9B3696009CD9C4 /* Assets.xcassets in Resources */,
			);
			runOnlyForDeploymentPostprocessing = 0;
		};
		9A4CCB161F95DEF000ACF758 /* Resources */ = {
			isa = PBXResourcesBuildPhase;
			buildActionMask = 2147483647;
			files = (
			);
			runOnlyForDeploymentPostprocessing = 0;
		};
/* End PBXResourcesBuildPhase section */

/* Begin PBXSourcesBuildPhase section */
		65F8C1CE2183699500924657 /* Sources */ = {
			isa = PBXSourcesBuildPhase;
			buildActionMask = 2147483647;
			files = (
				65F8C1CF2183699500924657 /* Changeset.swift in Sources */,
				65F8C1D02183699500924657 /* Snapshot.swift in Sources */,
				65F8C1D12183699500924657 /* SectionedChangeset.swift in Sources */,
			);
			runOnlyForDeploymentPostprocessing = 0;
		};
		65F8C1F1218369A400924657 /* Sources */ = {
			isa = PBXSourcesBuildPhase;
			buildActionMask = 2147483647;
			files = (
				65F8C1F2218369A400924657 /* Changeset.swift in Sources */,
				65F8C1F3218369A400924657 /* Snapshot.swift in Sources */,
				65F8C1F4218369A400924657 /* SectionedChangeset.swift in Sources */,
			);
			runOnlyForDeploymentPostprocessing = 0;
		};
		65F8C21321836A8E00924657 /* Sources */ = {
			isa = PBXSourcesBuildPhase;
			buildActionMask = 2147483647;
			files = (
				65F8C24321836B0B00924657 /* Delta+NimbleMatcher.swift in Sources */,
				65F8C24121836B0B00924657 /* SectionedChangesetSpec.swift in Sources */,
				65F8C24021836B0B00924657 /* ChangesetSpec.swift in Sources */,
				65F8C24221836B0B00924657 /* ReproducibilityTest.swift in Sources */,
			);
			runOnlyForDeploymentPostprocessing = 0;
		};
		65F8C22221836AA300924657 /* Sources */ = {
			isa = PBXSourcesBuildPhase;
			buildActionMask = 2147483647;
			files = (
				65F8C24721836B0B00924657 /* Delta+NimbleMatcher.swift in Sources */,
				65F8C24521836B0B00924657 /* SectionedChangesetSpec.swift in Sources */,
				65F8C24421836B0B00924657 /* ChangesetSpec.swift in Sources */,
				65F8C24621836B0B00924657 /* ReproducibilityTest.swift in Sources */,
			);
			runOnlyForDeploymentPostprocessing = 0;
		};
		65F8C23121836AB200924657 /* Sources */ = {
			isa = PBXSourcesBuildPhase;
			buildActionMask = 2147483647;
			files = (
				65F8C24B21836B0B00924657 /* Delta+NimbleMatcher.swift in Sources */,
				65F8C24921836B0B00924657 /* SectionedChangesetSpec.swift in Sources */,
				65F8C24821836B0B00924657 /* ChangesetSpec.swift in Sources */,
				65F8C24A21836B0B00924657 /* ReproducibilityTest.swift in Sources */,
			);
			runOnlyForDeploymentPostprocessing = 0;
		};
		9A2D19121F9B3696009CD9C4 /* Sources */ = {
			isa = PBXSourcesBuildPhase;
			buildActionMask = 2147483647;
			files = (
				9A2D191B1F9B3696009CD9C4 /* WordListViewController.swift in Sources */,
				9A2D19191F9B3696009CD9C4 /* AppDelegate.swift in Sources */,
				9A2D19361F9B3B90009CD9C4 /* WordCell.swift in Sources */,
				9AC7E0911F9B473100461122 /* WordListFlowController.swift in Sources */,
				9A2D19321F9B3905009CD9C4 /* Word.swift in Sources */,
				9A2D19301F9B385A009CD9C4 /* WordListViewModel.swift in Sources */,
				9A2D192E1F9B37D3009CD9C4 /* WordListBuilder.swift in Sources */,
				9A2D19341F9B3A0C009CD9C4 /* RootBuilder.swift in Sources */,
			);
			runOnlyForDeploymentPostprocessing = 0;
		};
		9A4CCB131F95DEF000ACF758 /* Sources */ = {
			isa = PBXSourcesBuildPhase;
			buildActionMask = 2147483647;
			files = (
				9AD5D41A1F95F7FE00E6AE5A /* Changeset.swift in Sources */,
				9AD5D41B1F95F7FE00E6AE5A /* Snapshot.swift in Sources */,
				9A53A38D1F9BCB5E00B4C411 /* SectionedChangeset.swift in Sources */,
			);
			runOnlyForDeploymentPostprocessing = 0;
		};
/* End PBXSourcesBuildPhase section */

/* Begin PBXTargetDependency section */
		65F8C21E21836A8E00924657 /* PBXTargetDependency */ = {
			isa = PBXTargetDependency;
			target = 9A4CCB171F95DEF000ACF758 /* FlexibleDiff-iOS */;
			targetProxy = 65F8C21D21836A8E00924657 /* PBXContainerItemProxy */;
		};
		65F8C22D21836AA400924657 /* PBXTargetDependency */ = {
			isa = PBXTargetDependency;
			target = 65F8C1F0218369A400924657 /* FlexibleDiff-tvOS */;
			targetProxy = 65F8C22C21836AA400924657 /* PBXContainerItemProxy */;
		};
		65F8C23C21836AB200924657 /* PBXTargetDependency */ = {
			isa = PBXTargetDependency;
			target = 65F8C1CD2183699500924657 /* FlexibleDiff-macOS */;
			targetProxy = 65F8C23B21836AB200924657 /* PBXContainerItemProxy */;
		};
		9A2D192B1F9B3725009CD9C4 /* PBXTargetDependency */ = {
			isa = PBXTargetDependency;
			target = 9A4CCB171F95DEF000ACF758 /* FlexibleDiff-iOS */;
			targetProxy = 9A2D192A1F9B3725009CD9C4 /* PBXContainerItemProxy */;
		};
/* End PBXTargetDependency section */

/* Begin PBXVariantGroup section */
		9A2D19211F9B3696009CD9C4 /* LaunchScreen.storyboard */ = {
			isa = PBXVariantGroup;
			children = (
				9A2D19221F9B3696009CD9C4 /* Base */,
			);
			name = LaunchScreen.storyboard;
			sourceTree = "<group>";
		};
/* End PBXVariantGroup section */

/* Begin XCBuildConfiguration section */
		65F8C1D72183699500924657 /* Debug */ = {
			isa = XCBuildConfiguration;
			baseConfigurationReference = 9A4CCB461F95E04C00ACF758 /* Framework.xcconfig */;
			buildSettings = {
				DYLIB_COMPATIBILITY_VERSION = 1;
				DYLIB_CURRENT_VERSION = 1;
				DYLIB_INSTALL_NAME_BASE = "@rpath";
				INFOPLIST_FILE = FlexibleDiff/Info.plist;
				PRODUCT_BUNDLE_IDENTIFIER = org.reactivecocoa.FlexibleDiff;
				PRODUCT_NAME = FlexibleDiff;
				SDKROOT = macosx;
				SWIFT_VERSION = 4.2;
			};
			name = Debug;
		};
		65F8C1D82183699500924657 /* Release */ = {
			isa = XCBuildConfiguration;
			baseConfigurationReference = 9A4CCB461F95E04C00ACF758 /* Framework.xcconfig */;
			buildSettings = {
				DYLIB_COMPATIBILITY_VERSION = 1;
				DYLIB_CURRENT_VERSION = 1;
				DYLIB_INSTALL_NAME_BASE = "@rpath";
				INFOPLIST_FILE = FlexibleDiff/Info.plist;
				PRODUCT_BUNDLE_IDENTIFIER = org.reactivecocoa.FlexibleDiff;
				PRODUCT_NAME = FlexibleDiff;
				SDKROOT = macosx;
				SWIFT_VERSION = 4.2;
			};
			name = Release;
		};
		65F8C1FA218369A400924657 /* Debug */ = {
			isa = XCBuildConfiguration;
			baseConfigurationReference = 9A4CCB461F95E04C00ACF758 /* Framework.xcconfig */;
			buildSettings = {
				DYLIB_COMPATIBILITY_VERSION = 1;
				DYLIB_CURRENT_VERSION = 1;
				DYLIB_INSTALL_NAME_BASE = "@rpath";
				INFOPLIST_FILE = FlexibleDiff/Info.plist;
				PRODUCT_BUNDLE_IDENTIFIER = org.reactivecocoa.FlexibleDiff;
				PRODUCT_NAME = FlexibleDiff;
				SDKROOT = appletvos;
				SWIFT_VERSION = 4.2;
			};
			name = Debug;
		};
		65F8C1FB218369A400924657 /* Release */ = {
			isa = XCBuildConfiguration;
			baseConfigurationReference = 9A4CCB461F95E04C00ACF758 /* Framework.xcconfig */;
			buildSettings = {
				DYLIB_COMPATIBILITY_VERSION = 1;
				DYLIB_CURRENT_VERSION = 1;
				DYLIB_INSTALL_NAME_BASE = "@rpath";
				INFOPLIST_FILE = FlexibleDiff/Info.plist;
				PRODUCT_BUNDLE_IDENTIFIER = org.reactivecocoa.FlexibleDiff;
				PRODUCT_NAME = FlexibleDiff;
				SDKROOT = appletvos;
				SWIFT_VERSION = 4.2;
			};
			name = Release;
		};
		65F8C22021836A8E00924657 /* Debug */ = {
			isa = XCBuildConfiguration;
			buildSettings = {
				ALWAYS_SEARCH_USER_PATHS = NO;
				CLANG_ANALYZER_NONNULL = YES;
				CLANG_ANALYZER_NUMBER_OBJECT_CONVERSION = YES_AGGRESSIVE;
				CLANG_CXX_LANGUAGE_STANDARD = "gnu++14";
				CLANG_CXX_LIBRARY = "libc++";
				CLANG_ENABLE_MODULES = YES;
				CLANG_ENABLE_OBJC_ARC = YES;
				CLANG_ENABLE_OBJC_WEAK = YES;
				CLANG_WARN_BLOCK_CAPTURE_AUTORELEASING = YES;
				CLANG_WARN_BOOL_CONVERSION = YES;
				CLANG_WARN_COMMA = YES;
				CLANG_WARN_CONSTANT_CONVERSION = YES;
				CLANG_WARN_DEPRECATED_OBJC_IMPLEMENTATIONS = YES;
				CLANG_WARN_DIRECT_OBJC_ISA_USAGE = YES_ERROR;
				CLANG_WARN_DOCUMENTATION_COMMENTS = YES;
				CLANG_WARN_EMPTY_BODY = YES;
				CLANG_WARN_ENUM_CONVERSION = YES;
				CLANG_WARN_INFINITE_RECURSION = YES;
				CLANG_WARN_INT_CONVERSION = YES;
				CLANG_WARN_NON_LITERAL_NULL_CONVERSION = YES;
				CLANG_WARN_OBJC_IMPLICIT_RETAIN_SELF = YES;
				CLANG_WARN_OBJC_LITERAL_CONVERSION = YES;
				CLANG_WARN_OBJC_ROOT_CLASS = YES_ERROR;
				CLANG_WARN_RANGE_LOOP_ANALYSIS = YES;
				CLANG_WARN_STRICT_PROTOTYPES = YES;
				CLANG_WARN_SUSPICIOUS_MOVE = YES;
				CLANG_WARN_UNGUARDED_AVAILABILITY = YES_AGGRESSIVE;
				CLANG_WARN_UNREACHABLE_CODE = YES;
				CLANG_WARN__DUPLICATE_METHOD_MATCH = YES;
				CODE_SIGN_IDENTITY = "iPhone Developer";
				CODE_SIGN_STYLE = Automatic;
				COPY_PHASE_STRIP = NO;
				DEBUG_INFORMATION_FORMAT = dwarf;
				ENABLE_STRICT_OBJC_MSGSEND = YES;
				ENABLE_TESTABILITY = YES;
				GCC_C_LANGUAGE_STANDARD = gnu11;
				GCC_DYNAMIC_NO_PIC = NO;
				GCC_NO_COMMON_BLOCKS = YES;
				GCC_OPTIMIZATION_LEVEL = 0;
				GCC_PREPROCESSOR_DEFINITIONS = (
					"DEBUG=1",
					"$(inherited)",
				);
				GCC_WARN_64_TO_32_BIT_CONVERSION = YES;
				GCC_WARN_ABOUT_RETURN_TYPE = YES_ERROR;
				GCC_WARN_UNDECLARED_SELECTOR = YES;
				GCC_WARN_UNINITIALIZED_AUTOS = YES_AGGRESSIVE;
				GCC_WARN_UNUSED_FUNCTION = YES;
				GCC_WARN_UNUSED_VARIABLE = YES;
				INFOPLIST_FILE = FlexibleDiffTests/Info.plist;
				LD_RUNPATH_SEARCH_PATHS = "$(inherited) @executable_path/Frameworks @loader_path/Frameworks";
				MTL_ENABLE_DEBUG_INFO = INCLUDE_SOURCE;
				MTL_FAST_MATH = YES;
				ONLY_ACTIVE_ARCH = YES;
				PRODUCT_BUNDLE_IDENTIFIER = org.reactivecocoa.FlexibleDiffTests;
				PRODUCT_NAME = FlexibleDiffTests;
				SDKROOT = iphoneos;
				SWIFT_OPTIMIZATION_LEVEL = "-Onone";
				SWIFT_VERSION = 4.2;
				TARGETED_DEVICE_FAMILY = "1,2";
			};
			name = Debug;
		};
		65F8C22121836A8E00924657 /* Release */ = {
			isa = XCBuildConfiguration;
			buildSettings = {
				ALWAYS_SEARCH_USER_PATHS = NO;
				CLANG_ANALYZER_NONNULL = YES;
				CLANG_ANALYZER_NUMBER_OBJECT_CONVERSION = YES_AGGRESSIVE;
				CLANG_CXX_LANGUAGE_STANDARD = "gnu++14";
				CLANG_CXX_LIBRARY = "libc++";
				CLANG_ENABLE_MODULES = YES;
				CLANG_ENABLE_OBJC_ARC = YES;
				CLANG_ENABLE_OBJC_WEAK = YES;
				CLANG_WARN_BLOCK_CAPTURE_AUTORELEASING = YES;
				CLANG_WARN_BOOL_CONVERSION = YES;
				CLANG_WARN_COMMA = YES;
				CLANG_WARN_CONSTANT_CONVERSION = YES;
				CLANG_WARN_DEPRECATED_OBJC_IMPLEMENTATIONS = YES;
				CLANG_WARN_DIRECT_OBJC_ISA_USAGE = YES_ERROR;
				CLANG_WARN_DOCUMENTATION_COMMENTS = YES;
				CLANG_WARN_EMPTY_BODY = YES;
				CLANG_WARN_ENUM_CONVERSION = YES;
				CLANG_WARN_INFINITE_RECURSION = YES;
				CLANG_WARN_INT_CONVERSION = YES;
				CLANG_WARN_NON_LITERAL_NULL_CONVERSION = YES;
				CLANG_WARN_OBJC_IMPLICIT_RETAIN_SELF = YES;
				CLANG_WARN_OBJC_LITERAL_CONVERSION = YES;
				CLANG_WARN_OBJC_ROOT_CLASS = YES_ERROR;
				CLANG_WARN_RANGE_LOOP_ANALYSIS = YES;
				CLANG_WARN_STRICT_PROTOTYPES = YES;
				CLANG_WARN_SUSPICIOUS_MOVE = YES;
				CLANG_WARN_UNGUARDED_AVAILABILITY = YES_AGGRESSIVE;
				CLANG_WARN_UNREACHABLE_CODE = YES;
				CLANG_WARN__DUPLICATE_METHOD_MATCH = YES;
				CODE_SIGN_IDENTITY = "iPhone Developer";
				CODE_SIGN_STYLE = Automatic;
				COPY_PHASE_STRIP = NO;
				DEBUG_INFORMATION_FORMAT = "dwarf-with-dsym";
				ENABLE_NS_ASSERTIONS = NO;
				ENABLE_STRICT_OBJC_MSGSEND = YES;
				GCC_C_LANGUAGE_STANDARD = gnu11;
				GCC_NO_COMMON_BLOCKS = YES;
				GCC_WARN_64_TO_32_BIT_CONVERSION = YES;
				GCC_WARN_ABOUT_RETURN_TYPE = YES_ERROR;
				GCC_WARN_UNDECLARED_SELECTOR = YES;
				GCC_WARN_UNINITIALIZED_AUTOS = YES_AGGRESSIVE;
				GCC_WARN_UNUSED_FUNCTION = YES;
				GCC_WARN_UNUSED_VARIABLE = YES;
				INFOPLIST_FILE = FlexibleDiffTests/Info.plist;
				LD_RUNPATH_SEARCH_PATHS = "$(inherited) @executable_path/Frameworks @loader_path/Frameworks";
				MTL_FAST_MATH = YES;
				PRODUCT_BUNDLE_IDENTIFIER = org.reactivecocoa.FlexibleDiffTests;
				PRODUCT_NAME = FlexibleDiffTests;
				SDKROOT = iphoneos;
				SWIFT_OPTIMIZATION_LEVEL = "-Owholemodule";
				SWIFT_VERSION = 4.2;
				TARGETED_DEVICE_FAMILY = "1,2";
				VALIDATE_PRODUCT = YES;
			};
			name = Release;
		};
		65F8C22F21836AA400924657 /* Debug */ = {
			isa = XCBuildConfiguration;
			buildSettings = {
				ALWAYS_SEARCH_USER_PATHS = NO;
				CLANG_ANALYZER_NONNULL = YES;
				CLANG_ANALYZER_NUMBER_OBJECT_CONVERSION = YES_AGGRESSIVE;
				CLANG_CXX_LANGUAGE_STANDARD = "gnu++14";
				CLANG_CXX_LIBRARY = "libc++";
				CLANG_ENABLE_MODULES = YES;
				CLANG_ENABLE_OBJC_ARC = YES;
				CLANG_ENABLE_OBJC_WEAK = YES;
				CLANG_WARN_BLOCK_CAPTURE_AUTORELEASING = YES;
				CLANG_WARN_BOOL_CONVERSION = YES;
				CLANG_WARN_COMMA = YES;
				CLANG_WARN_CONSTANT_CONVERSION = YES;
				CLANG_WARN_DEPRECATED_OBJC_IMPLEMENTATIONS = YES;
				CLANG_WARN_DIRECT_OBJC_ISA_USAGE = YES_ERROR;
				CLANG_WARN_DOCUMENTATION_COMMENTS = YES;
				CLANG_WARN_EMPTY_BODY = YES;
				CLANG_WARN_ENUM_CONVERSION = YES;
				CLANG_WARN_INFINITE_RECURSION = YES;
				CLANG_WARN_INT_CONVERSION = YES;
				CLANG_WARN_NON_LITERAL_NULL_CONVERSION = YES;
				CLANG_WARN_OBJC_IMPLICIT_RETAIN_SELF = YES;
				CLANG_WARN_OBJC_LITERAL_CONVERSION = YES;
				CLANG_WARN_OBJC_ROOT_CLASS = YES_ERROR;
				CLANG_WARN_RANGE_LOOP_ANALYSIS = YES;
				CLANG_WARN_STRICT_PROTOTYPES = YES;
				CLANG_WARN_SUSPICIOUS_MOVE = YES;
				CLANG_WARN_UNGUARDED_AVAILABILITY = YES_AGGRESSIVE;
				CLANG_WARN_UNREACHABLE_CODE = YES;
				CLANG_WARN__DUPLICATE_METHOD_MATCH = YES;
				CODE_SIGN_STYLE = Automatic;
				COPY_PHASE_STRIP = NO;
				DEBUG_INFORMATION_FORMAT = dwarf;
				ENABLE_STRICT_OBJC_MSGSEND = YES;
				ENABLE_TESTABILITY = YES;
				GCC_C_LANGUAGE_STANDARD = gnu11;
				GCC_DYNAMIC_NO_PIC = NO;
				GCC_NO_COMMON_BLOCKS = YES;
				GCC_OPTIMIZATION_LEVEL = 0;
				GCC_PREPROCESSOR_DEFINITIONS = (
					"DEBUG=1",
					"$(inherited)",
				);
				GCC_WARN_64_TO_32_BIT_CONVERSION = YES;
				GCC_WARN_ABOUT_RETURN_TYPE = YES_ERROR;
				GCC_WARN_UNDECLARED_SELECTOR = YES;
				GCC_WARN_UNINITIALIZED_AUTOS = YES_AGGRESSIVE;
				GCC_WARN_UNUSED_FUNCTION = YES;
				GCC_WARN_UNUSED_VARIABLE = YES;
				INFOPLIST_FILE = FlexibleDiffTests/Info.plist;
				LD_RUNPATH_SEARCH_PATHS = "$(inherited) @executable_path/Frameworks @loader_path/Frameworks";
				MTL_ENABLE_DEBUG_INFO = INCLUDE_SOURCE;
				MTL_FAST_MATH = YES;
				ONLY_ACTIVE_ARCH = YES;
				PRODUCT_BUNDLE_IDENTIFIER = org.reactivecocoa.FlexibleDiffTests;
				PRODUCT_NAME = FlexibleDiffTests;
				SDKROOT = appletvos;
				SWIFT_OPTIMIZATION_LEVEL = "-Onone";
				SWIFT_VERSION = 4.2;
				TARGETED_DEVICE_FAMILY = 3;
			};
			name = Debug;
		};
		65F8C23021836AA400924657 /* Release */ = {
			isa = XCBuildConfiguration;
			buildSettings = {
				ALWAYS_SEARCH_USER_PATHS = NO;
				CLANG_ANALYZER_NONNULL = YES;
				CLANG_ANALYZER_NUMBER_OBJECT_CONVERSION = YES_AGGRESSIVE;
				CLANG_CXX_LANGUAGE_STANDARD = "gnu++14";
				CLANG_CXX_LIBRARY = "libc++";
				CLANG_ENABLE_MODULES = YES;
				CLANG_ENABLE_OBJC_ARC = YES;
				CLANG_ENABLE_OBJC_WEAK = YES;
				CLANG_WARN_BLOCK_CAPTURE_AUTORELEASING = YES;
				CLANG_WARN_BOOL_CONVERSION = YES;
				CLANG_WARN_COMMA = YES;
				CLANG_WARN_CONSTANT_CONVERSION = YES;
				CLANG_WARN_DEPRECATED_OBJC_IMPLEMENTATIONS = YES;
				CLANG_WARN_DIRECT_OBJC_ISA_USAGE = YES_ERROR;
				CLANG_WARN_DOCUMENTATION_COMMENTS = YES;
				CLANG_WARN_EMPTY_BODY = YES;
				CLANG_WARN_ENUM_CONVERSION = YES;
				CLANG_WARN_INFINITE_RECURSION = YES;
				CLANG_WARN_INT_CONVERSION = YES;
				CLANG_WARN_NON_LITERAL_NULL_CONVERSION = YES;
				CLANG_WARN_OBJC_IMPLICIT_RETAIN_SELF = YES;
				CLANG_WARN_OBJC_LITERAL_CONVERSION = YES;
				CLANG_WARN_OBJC_ROOT_CLASS = YES_ERROR;
				CLANG_WARN_RANGE_LOOP_ANALYSIS = YES;
				CLANG_WARN_STRICT_PROTOTYPES = YES;
				CLANG_WARN_SUSPICIOUS_MOVE = YES;
				CLANG_WARN_UNGUARDED_AVAILABILITY = YES_AGGRESSIVE;
				CLANG_WARN_UNREACHABLE_CODE = YES;
				CLANG_WARN__DUPLICATE_METHOD_MATCH = YES;
				CODE_SIGN_STYLE = Automatic;
				COPY_PHASE_STRIP = NO;
				DEBUG_INFORMATION_FORMAT = "dwarf-with-dsym";
				ENABLE_NS_ASSERTIONS = NO;
				ENABLE_STRICT_OBJC_MSGSEND = YES;
				GCC_C_LANGUAGE_STANDARD = gnu11;
				GCC_NO_COMMON_BLOCKS = YES;
				GCC_WARN_64_TO_32_BIT_CONVERSION = YES;
				GCC_WARN_ABOUT_RETURN_TYPE = YES_ERROR;
				GCC_WARN_UNDECLARED_SELECTOR = YES;
				GCC_WARN_UNINITIALIZED_AUTOS = YES_AGGRESSIVE;
				GCC_WARN_UNUSED_FUNCTION = YES;
				GCC_WARN_UNUSED_VARIABLE = YES;
				INFOPLIST_FILE = FlexibleDiffTests/Info.plist;
				LD_RUNPATH_SEARCH_PATHS = "$(inherited) @executable_path/Frameworks @loader_path/Frameworks";
				MTL_FAST_MATH = YES;
				PRODUCT_BUNDLE_IDENTIFIER = org.reactivecocoa.FlexibleDiffTests;
				PRODUCT_NAME = FlexibleDiffTests;
				SDKROOT = appletvos;
				SWIFT_OPTIMIZATION_LEVEL = "-Owholemodule";
				SWIFT_VERSION = 4.2;
				TARGETED_DEVICE_FAMILY = 3;
				VALIDATE_PRODUCT = YES;
			};
			name = Release;
		};
		65F8C23E21836AB200924657 /* Debug */ = {
			isa = XCBuildConfiguration;
			buildSettings = {
				ALWAYS_SEARCH_USER_PATHS = NO;
				CLANG_ANALYZER_NONNULL = YES;
				CLANG_ANALYZER_NUMBER_OBJECT_CONVERSION = YES_AGGRESSIVE;
				CLANG_CXX_LANGUAGE_STANDARD = "gnu++14";
				CLANG_CXX_LIBRARY = "libc++";
				CLANG_ENABLE_MODULES = YES;
				CLANG_ENABLE_OBJC_ARC = YES;
				CLANG_ENABLE_OBJC_WEAK = YES;
				CLANG_WARN_BLOCK_CAPTURE_AUTORELEASING = YES;
				CLANG_WARN_BOOL_CONVERSION = YES;
				CLANG_WARN_COMMA = YES;
				CLANG_WARN_CONSTANT_CONVERSION = YES;
				CLANG_WARN_DEPRECATED_OBJC_IMPLEMENTATIONS = YES;
				CLANG_WARN_DIRECT_OBJC_ISA_USAGE = YES_ERROR;
				CLANG_WARN_DOCUMENTATION_COMMENTS = YES;
				CLANG_WARN_EMPTY_BODY = YES;
				CLANG_WARN_ENUM_CONVERSION = YES;
				CLANG_WARN_INFINITE_RECURSION = YES;
				CLANG_WARN_INT_CONVERSION = YES;
				CLANG_WARN_NON_LITERAL_NULL_CONVERSION = YES;
				CLANG_WARN_OBJC_IMPLICIT_RETAIN_SELF = YES;
				CLANG_WARN_OBJC_LITERAL_CONVERSION = YES;
				CLANG_WARN_OBJC_ROOT_CLASS = YES_ERROR;
				CLANG_WARN_RANGE_LOOP_ANALYSIS = YES;
				CLANG_WARN_STRICT_PROTOTYPES = YES;
				CLANG_WARN_SUSPICIOUS_MOVE = YES;
				CLANG_WARN_UNGUARDED_AVAILABILITY = YES_AGGRESSIVE;
				CLANG_WARN_UNREACHABLE_CODE = YES;
				CLANG_WARN__DUPLICATE_METHOD_MATCH = YES;
				CODE_SIGN_IDENTITY = "-";
				CODE_SIGN_STYLE = Automatic;
				COMBINE_HIDPI_IMAGES = YES;
				COPY_PHASE_STRIP = NO;
				DEBUG_INFORMATION_FORMAT = dwarf;
				ENABLE_STRICT_OBJC_MSGSEND = YES;
				ENABLE_TESTABILITY = YES;
				GCC_C_LANGUAGE_STANDARD = gnu11;
				GCC_DYNAMIC_NO_PIC = NO;
				GCC_NO_COMMON_BLOCKS = YES;
				GCC_OPTIMIZATION_LEVEL = 0;
				GCC_PREPROCESSOR_DEFINITIONS = (
					"DEBUG=1",
					"$(inherited)",
				);
				GCC_WARN_64_TO_32_BIT_CONVERSION = YES;
				GCC_WARN_ABOUT_RETURN_TYPE = YES_ERROR;
				GCC_WARN_UNDECLARED_SELECTOR = YES;
				GCC_WARN_UNINITIALIZED_AUTOS = YES_AGGRESSIVE;
				GCC_WARN_UNUSED_FUNCTION = YES;
				GCC_WARN_UNUSED_VARIABLE = YES;
				INFOPLIST_FILE = FlexibleDiffTests/Info.plist;
				LD_RUNPATH_SEARCH_PATHS = "$(inherited) @executable_path/../Frameworks @loader_path/../Frameworks";
				MACOSX_DEPLOYMENT_TARGET = 10.10;
				MTL_ENABLE_DEBUG_INFO = INCLUDE_SOURCE;
				MTL_FAST_MATH = YES;
				ONLY_ACTIVE_ARCH = YES;
				PRODUCT_BUNDLE_IDENTIFIER = org.reactivecocoa.FlexibleDiffTests;
				PRODUCT_NAME = FlexibleDiffTests;
				SWIFT_OPTIMIZATION_LEVEL = "-Onone";
				SWIFT_VERSION = 4.2;
			};
			name = Debug;
		};
		65F8C23F21836AB200924657 /* Release */ = {
			isa = XCBuildConfiguration;
			buildSettings = {
				ALWAYS_SEARCH_USER_PATHS = NO;
				CLANG_ANALYZER_NONNULL = YES;
				CLANG_ANALYZER_NUMBER_OBJECT_CONVERSION = YES_AGGRESSIVE;
				CLANG_CXX_LANGUAGE_STANDARD = "gnu++14";
				CLANG_CXX_LIBRARY = "libc++";
				CLANG_ENABLE_MODULES = YES;
				CLANG_ENABLE_OBJC_ARC = YES;
				CLANG_ENABLE_OBJC_WEAK = YES;
				CLANG_WARN_BLOCK_CAPTURE_AUTORELEASING = YES;
				CLANG_WARN_BOOL_CONVERSION = YES;
				CLANG_WARN_COMMA = YES;
				CLANG_WARN_CONSTANT_CONVERSION = YES;
				CLANG_WARN_DEPRECATED_OBJC_IMPLEMENTATIONS = YES;
				CLANG_WARN_DIRECT_OBJC_ISA_USAGE = YES_ERROR;
				CLANG_WARN_DOCUMENTATION_COMMENTS = YES;
				CLANG_WARN_EMPTY_BODY = YES;
				CLANG_WARN_ENUM_CONVERSION = YES;
				CLANG_WARN_INFINITE_RECURSION = YES;
				CLANG_WARN_INT_CONVERSION = YES;
				CLANG_WARN_NON_LITERAL_NULL_CONVERSION = YES;
				CLANG_WARN_OBJC_IMPLICIT_RETAIN_SELF = YES;
				CLANG_WARN_OBJC_LITERAL_CONVERSION = YES;
				CLANG_WARN_OBJC_ROOT_CLASS = YES_ERROR;
				CLANG_WARN_RANGE_LOOP_ANALYSIS = YES;
				CLANG_WARN_STRICT_PROTOTYPES = YES;
				CLANG_WARN_SUSPICIOUS_MOVE = YES;
				CLANG_WARN_UNGUARDED_AVAILABILITY = YES_AGGRESSIVE;
				CLANG_WARN_UNREACHABLE_CODE = YES;
				CLANG_WARN__DUPLICATE_METHOD_MATCH = YES;
				CODE_SIGN_IDENTITY = "-";
				CODE_SIGN_STYLE = Automatic;
				COMBINE_HIDPI_IMAGES = YES;
				COPY_PHASE_STRIP = NO;
				DEBUG_INFORMATION_FORMAT = "dwarf-with-dsym";
				ENABLE_NS_ASSERTIONS = NO;
				ENABLE_STRICT_OBJC_MSGSEND = YES;
				GCC_C_LANGUAGE_STANDARD = gnu11;
				GCC_NO_COMMON_BLOCKS = YES;
				GCC_WARN_64_TO_32_BIT_CONVERSION = YES;
				GCC_WARN_ABOUT_RETURN_TYPE = YES_ERROR;
				GCC_WARN_UNDECLARED_SELECTOR = YES;
				GCC_WARN_UNINITIALIZED_AUTOS = YES_AGGRESSIVE;
				GCC_WARN_UNUSED_FUNCTION = YES;
				GCC_WARN_UNUSED_VARIABLE = YES;
				INFOPLIST_FILE = FlexibleDiffTests/Info.plist;
				LD_RUNPATH_SEARCH_PATHS = "$(inherited) @executable_path/../Frameworks @loader_path/../Frameworks";
				MACOSX_DEPLOYMENT_TARGET = 10.10;
				MTL_FAST_MATH = YES;
				PRODUCT_BUNDLE_IDENTIFIER = org.reactivecocoa.FlexibleDiffTests;
				PRODUCT_NAME = FlexibleDiffTests;
				SWIFT_OPTIMIZATION_LEVEL = "-Owholemodule";
				SWIFT_VERSION = 4.2;
			};
			name = Release;
		};
		9A2D19251F9B3696009CD9C4 /* Debug */ = {
			isa = XCBuildConfiguration;
			baseConfigurationReference = 9A4CCB341F95E04C00ACF758 /* iOS-Application.xcconfig */;
			buildSettings = {
				ALWAYS_EMBED_SWIFT_STANDARD_LIBRARIES = YES;
				ASSETCATALOG_COMPILER_APPICON_NAME = AppIcon;
				INFOPLIST_FILE = WordList/Info.plist;
				IPHONEOS_DEPLOYMENT_TARGET = 11.0;
				LD_RUNPATH_SEARCH_PATHS = "$(inherited) @executable_path/Frameworks";
				PRODUCT_BUNDLE_IDENTIFIER = org.reactivecocoa.WordList;
				PRODUCT_NAME = "$(TARGET_NAME)";
				SDKROOT = iphoneos;
				SWIFT_VERSION = 4.2;
				TARGETED_DEVICE_FAMILY = "1,2";
			};
			name = Debug;
		};
		9A2D19261F9B3696009CD9C4 /* Release */ = {
			isa = XCBuildConfiguration;
			baseConfigurationReference = 9A4CCB341F95E04C00ACF758 /* iOS-Application.xcconfig */;
			buildSettings = {
				ALWAYS_EMBED_SWIFT_STANDARD_LIBRARIES = YES;
				ASSETCATALOG_COMPILER_APPICON_NAME = AppIcon;
				INFOPLIST_FILE = WordList/Info.plist;
				IPHONEOS_DEPLOYMENT_TARGET = 11.0;
				LD_RUNPATH_SEARCH_PATHS = "$(inherited) @executable_path/Frameworks";
				PRODUCT_BUNDLE_IDENTIFIER = org.reactivecocoa.WordList;
				PRODUCT_NAME = "$(TARGET_NAME)";
				SDKROOT = iphoneos;
				SWIFT_VERSION = 4.2;
				TARGETED_DEVICE_FAMILY = "1,2";
			};
			name = Release;
		};
		9A4CCB1E1F95DEF000ACF758 /* Debug */ = {
			isa = XCBuildConfiguration;
			baseConfigurationReference = 9A4CCB3F1F95E04C00ACF758 /* Debug.xcconfig */;
			buildSettings = {
				CODE_SIGN_STYLE = Manual;
				CURRENT_PROJECT_VERSION = 1;
				IPHONEOS_DEPLOYMENT_TARGET = 8.0;
				LD_RUNPATH_SEARCH_PATHS = "@loader_path/../Frameworks @loader_path/Frameworks @executable_path/Frameworks @executable_path/../Frameworks";
				MACOSX_DEPLOYMENT_TARGET = 10.9;
				MTL_ENABLE_DEBUG_INFO = YES;
				SDKROOT = macosx;
				SWIFT_ACTIVE_COMPILATION_CONDITIONS = DEBUG;
				SWIFT_VERSION = 4.2;
				TVOS_DEPLOYMENT_TARGET = 9.0;
				VERSIONING_SYSTEM = "apple-generic";
				VERSION_INFO_PREFIX = "";
				WATCHOS_DEPLOYMENT_TARGET = 2.0;
			};
			name = Debug;
		};
		9A4CCB1F1F95DEF000ACF758 /* Release */ = {
			isa = XCBuildConfiguration;
			baseConfigurationReference = 9A4CCB401F95E04C00ACF758 /* Release.xcconfig */;
			buildSettings = {
				CODE_SIGN_STYLE = Manual;
				CURRENT_PROJECT_VERSION = 1;
				IPHONEOS_DEPLOYMENT_TARGET = 8.0;
				LD_RUNPATH_SEARCH_PATHS = "@loader_path/../Frameworks @loader_path/Frameworks @executable_path/Frameworks @executable_path/../Frameworks";
				MACOSX_DEPLOYMENT_TARGET = 10.9;
				MTL_ENABLE_DEBUG_INFO = NO;
				SDKROOT = macosx;
				SWIFT_VERSION = 4.2;
				TVOS_DEPLOYMENT_TARGET = 9.0;
				VERSIONING_SYSTEM = "apple-generic";
				VERSION_INFO_PREFIX = "";
				WATCHOS_DEPLOYMENT_TARGET = 2.0;
			};
			name = Release;
		};
		9A4CCB211F95DEF000ACF758 /* Debug */ = {
			isa = XCBuildConfiguration;
			baseConfigurationReference = 9A4CCB461F95E04C00ACF758 /* Framework.xcconfig */;
			buildSettings = {
				DYLIB_COMPATIBILITY_VERSION = 1;
				DYLIB_CURRENT_VERSION = 1;
				DYLIB_INSTALL_NAME_BASE = "@rpath";
				INFOPLIST_FILE = FlexibleDiff/Info.plist;
				PRODUCT_BUNDLE_IDENTIFIER = org.reactivecocoa.FlexibleDiff;
				PRODUCT_NAME = FlexibleDiff;
				SDKROOT = iphoneos;
				SWIFT_VERSION = 4.2;
			};
			name = Debug;
		};
		9A4CCB221F95DEF000ACF758 /* Release */ = {
			isa = XCBuildConfiguration;
			baseConfigurationReference = 9A4CCB461F95E04C00ACF758 /* Framework.xcconfig */;
			buildSettings = {
				DYLIB_COMPATIBILITY_VERSION = 1;
				DYLIB_CURRENT_VERSION = 1;
				DYLIB_INSTALL_NAME_BASE = "@rpath";
				INFOPLIST_FILE = FlexibleDiff/Info.plist;
				PRODUCT_BUNDLE_IDENTIFIER = org.reactivecocoa.FlexibleDiff;
				PRODUCT_NAME = FlexibleDiff;
				SDKROOT = iphoneos;
				SWIFT_VERSION = 4.2;
			};
			name = Release;
		};
/* End XCBuildConfiguration section */

/* Begin XCConfigurationList section */
		65F8C1D62183699500924657 /* Build configuration list for PBXNativeTarget "FlexibleDiff-macOS" */ = {
			isa = XCConfigurationList;
			buildConfigurations = (
				65F8C1D72183699500924657 /* Debug */,
				65F8C1D82183699500924657 /* Release */,
			);
			defaultConfigurationIsVisible = 0;
			defaultConfigurationName = Release;
		};
		65F8C1F9218369A400924657 /* Build configuration list for PBXNativeTarget "FlexibleDiff-tvOS" */ = {
			isa = XCConfigurationList;
			buildConfigurations = (
				65F8C1FA218369A400924657 /* Debug */,
				65F8C1FB218369A400924657 /* Release */,
			);
			defaultConfigurationIsVisible = 0;
			defaultConfigurationName = Release;
		};
		65F8C21F21836A8E00924657 /* Build configuration list for PBXNativeTarget "FlexibleDiffTests-iOS" */ = {
			isa = XCConfigurationList;
			buildConfigurations = (
				65F8C22021836A8E00924657 /* Debug */,
				65F8C22121836A8E00924657 /* Release */,
			);
			defaultConfigurationIsVisible = 0;
			defaultConfigurationName = Release;
		};
		65F8C22E21836AA400924657 /* Build configuration list for PBXNativeTarget "FlexibleDiffTests-tvOS" */ = {
			isa = XCConfigurationList;
			buildConfigurations = (
				65F8C22F21836AA400924657 /* Debug */,
				65F8C23021836AA400924657 /* Release */,
			);
			defaultConfigurationIsVisible = 0;
			defaultConfigurationName = Release;
		};
		65F8C23D21836AB200924657 /* Build configuration list for PBXNativeTarget "FlexibleDiffTests-macOS" */ = {
			isa = XCConfigurationList;
			buildConfigurations = (
				65F8C23E21836AB200924657 /* Debug */,
				65F8C23F21836AB200924657 /* Release */,
			);
			defaultConfigurationIsVisible = 0;
			defaultConfigurationName = Release;
		};
		9A2D19271F9B3696009CD9C4 /* Build configuration list for PBXNativeTarget "WordList" */ = {
			isa = XCConfigurationList;
			buildConfigurations = (
				9A2D19251F9B3696009CD9C4 /* Debug */,
				9A2D19261F9B3696009CD9C4 /* Release */,
			);
			defaultConfigurationIsVisible = 0;
			defaultConfigurationName = Release;
		};
		9A4CCB121F95DEF000ACF758 /* Build configuration list for PBXProject "FlexibleDiff" */ = {
			isa = XCConfigurationList;
			buildConfigurations = (
				9A4CCB1E1F95DEF000ACF758 /* Debug */,
				9A4CCB1F1F95DEF000ACF758 /* Release */,
			);
			defaultConfigurationIsVisible = 0;
			defaultConfigurationName = Release;
		};
		9A4CCB201F95DEF000ACF758 /* Build configuration list for PBXNativeTarget "FlexibleDiff-iOS" */ = {
			isa = XCConfigurationList;
			buildConfigurations = (
				9A4CCB211F95DEF000ACF758 /* Debug */,
				9A4CCB221F95DEF000ACF758 /* Release */,
			);
			defaultConfigurationIsVisible = 0;
			defaultConfigurationName = Release;
		};
/* End XCConfigurationList section */
	};
	rootObject = 9A4CCB0F1F95DEF000ACF758 /* Project object */;
}
