// !$*UTF8*$!
{
	archiveVersion = 1;
	classes = {
	};
	objectVersion = 48;
	objects = {

/* Begin PBXBuildFile section */
		9A2D19191F9B3696009CD9C4 /* AppDelegate.swift in Sources */ = {isa = PBXBuildFile; fileRef = 9A2D19181F9B3696009CD9C4 /* AppDelegate.swift */; };
		9A2D191B1F9B3696009CD9C4 /* WordListViewController.swift in Sources */ = {isa = PBXBuildFile; fileRef = 9A2D191A1F9B3696009CD9C4 /* WordListViewController.swift */; };
		9A2D19201F9B3696009CD9C4 /* Assets.xcassets in Resources */ = {isa = PBXBuildFile; fileRef = 9A2D191F1F9B3696009CD9C4 /* Assets.xcassets */; };
		9A2D19231F9B3696009CD9C4 /* LaunchScreen.storyboard in Resources */ = {isa = PBXBuildFile; fileRef = 9A2D19211F9B3696009CD9C4 /* LaunchScreen.storyboard */; };
		9A2D19281F9B3725009CD9C4 /* FlexibleDiff.framework in Frameworks */ = {isa = PBXBuildFile; fileRef = 9A4CCB181F95DEF000ACF758 /* FlexibleDiff.framework */; };
		9A2D19291F9B3725009CD9C4 /* FlexibleDiff.framework in Embed Frameworks */ = {isa = PBXBuildFile; fileRef = 9A4CCB181F95DEF000ACF758 /* FlexibleDiff.framework */; settings = {ATTRIBUTES = (CodeSignOnCopy, RemoveHeadersOnCopy, ); }; };
		9A2D192E1F9B37D3009CD9C4 /* WordListBuilder.swift in Sources */ = {isa = PBXBuildFile; fileRef = 9A2D192D1F9B37D3009CD9C4 /* WordListBuilder.swift */; };
		9A2D19301F9B385A009CD9C4 /* WordListViewModel.swift in Sources */ = {isa = PBXBuildFile; fileRef = 9A2D192F1F9B385A009CD9C4 /* WordListViewModel.swift */; };
		9A2D19321F9B3905009CD9C4 /* Word.swift in Sources */ = {isa = PBXBuildFile; fileRef = 9A2D19311F9B3905009CD9C4 /* Word.swift */; };
		9A2D19341F9B3A0C009CD9C4 /* RootBuilder.swift in Sources */ = {isa = PBXBuildFile; fileRef = 9A2D19331F9B3A0C009CD9C4 /* RootBuilder.swift */; };
		9A2D19361F9B3B90009CD9C4 /* WordCell.swift in Sources */ = {isa = PBXBuildFile; fileRef = 9A2D19351F9B3B90009CD9C4 /* WordCell.swift */; };
		9A4CCB511F95E18900ACF758 /* FlexibleDiff.framework in Frameworks */ = {isa = PBXBuildFile; fileRef = 9A4CCB181F95DEF000ACF758 /* FlexibleDiff.framework */; };
		9A4CCB591F95E21700ACF758 /* Nimble.framework in Frameworks */ = {isa = PBXBuildFile; fileRef = 9A4CCB5B1F95E21700ACF758 /* Nimble.framework */; };
		9A4CCB5A1F95E21700ACF758 /* Quick.framework in Frameworks */ = {isa = PBXBuildFile; fileRef = 9A4CCB5C1F95E21700ACF758 /* Quick.framework */; };
		9A4CCB5D1F95E22100ACF758 /* Nimble.framework in CopyFiles */ = {isa = PBXBuildFile; fileRef = 9A4CCB5B1F95E21700ACF758 /* Nimble.framework */; settings = {ATTRIBUTES = (CodeSignOnCopy, RemoveHeadersOnCopy, ); }; };
		9A4CCB5E1F95E22100ACF758 /* Quick.framework in CopyFiles */ = {isa = PBXBuildFile; fileRef = 9A4CCB5C1F95E21700ACF758 /* Quick.framework */; settings = {ATTRIBUTES = (CodeSignOnCopy, RemoveHeadersOnCopy, ); }; };
		9A4CCB621F95E38A00ACF758 /* FlexibleDiff.h in Headers */ = {isa = PBXBuildFile; fileRef = 9A4CCB611F95E38A00ACF758 /* FlexibleDiff.h */; settings = {ATTRIBUTES = (Public, ); }; };
		9AC7E0911F9B473100461122 /* WordListFlowController.swift in Sources */ = {isa = PBXBuildFile; fileRef = 9AC7E0901F9B473100461122 /* WordListFlowController.swift */; };
		9AD5D41A1F95F7FE00E6AE5A /* Changeset.swift in Sources */ = {isa = PBXBuildFile; fileRef = 9AD5D4181F95F7FE00E6AE5A /* Changeset.swift */; };
		9AD5D41B1F95F7FE00E6AE5A /* Snapshot.swift in Sources */ = {isa = PBXBuildFile; fileRef = 9AD5D4191F95F7FE00E6AE5A /* Snapshot.swift */; };
		9AD5D41E1F95F80900E6AE5A /* Delta+NimbleMatcher.swift in Sources */ = {isa = PBXBuildFile; fileRef = 9AD5D41C1F95F80900E6AE5A /* Delta+NimbleMatcher.swift */; };
		9AD5D41F1F95F80900E6AE5A /* ChangesetSpec.swift in Sources */ = {isa = PBXBuildFile; fileRef = 9AD5D41D1F95F80900E6AE5A /* ChangesetSpec.swift */; };
/* End PBXBuildFile section */

/* Begin PBXContainerItemProxy section */
		9A2D192A1F9B3725009CD9C4 /* PBXContainerItemProxy */ = {
			isa = PBXContainerItemProxy;
			containerPortal = 9A4CCB0F1F95DEF000ACF758 /* Project object */;
			proxyType = 1;
			remoteGlobalIDString = 9A4CCB171F95DEF000ACF758;
			remoteInfo = FlexibleDiff;
		};
		9A4CCB521F95E18900ACF758 /* PBXContainerItemProxy */ = {
			isa = PBXContainerItemProxy;
			containerPortal = 9A4CCB0F1F95DEF000ACF758 /* Project object */;
			proxyType = 1;
			remoteGlobalIDString = 9A4CCB171F95DEF000ACF758;
			remoteInfo = FlexibleDiff;
		};
/* End PBXContainerItemProxy section */

/* Begin PBXCopyFilesBuildPhase section */
		9A2D192C1F9B3725009CD9C4 /* Embed Frameworks */ = {
			isa = PBXCopyFilesBuildPhase;
			buildActionMask = 2147483647;
			dstPath = "";
			dstSubfolderSpec = 10;
			files = (
				9A2D19291F9B3725009CD9C4 /* FlexibleDiff.framework in Embed Frameworks */,
			);
			name = "Embed Frameworks";
			runOnlyForDeploymentPostprocessing = 0;
		};
		9A4CCB571F95E20600ACF758 /* CopyFiles */ = {
			isa = PBXCopyFilesBuildPhase;
			buildActionMask = 2147483647;
			dstPath = "";
			dstSubfolderSpec = 10;
			files = (
				9A4CCB5D1F95E22100ACF758 /* Nimble.framework in CopyFiles */,
				9A4CCB5E1F95E22100ACF758 /* Quick.framework in CopyFiles */,
			);
			runOnlyForDeploymentPostprocessing = 0;
		};
/* End PBXCopyFilesBuildPhase section */

/* Begin PBXFileReference section */
		9A2D19161F9B3696009CD9C4 /* WordList.app */ = {isa = PBXFileReference; explicitFileType = wrapper.application; includeInIndex = 0; path = WordList.app; sourceTree = BUILT_PRODUCTS_DIR; };
		9A2D19181F9B3696009CD9C4 /* AppDelegate.swift */ = {isa = PBXFileReference; lastKnownFileType = sourcecode.swift; path = AppDelegate.swift; sourceTree = "<group>"; };
		9A2D191A1F9B3696009CD9C4 /* WordListViewController.swift */ = {isa = PBXFileReference; lastKnownFileType = sourcecode.swift; path = WordListViewController.swift; sourceTree = "<group>"; };
		9A2D191F1F9B3696009CD9C4 /* Assets.xcassets */ = {isa = PBXFileReference; lastKnownFileType = folder.assetcatalog; path = Assets.xcassets; sourceTree = "<group>"; };
		9A2D19221F9B3696009CD9C4 /* Base */ = {isa = PBXFileReference; lastKnownFileType = file.storyboard; name = Base; path = Base.lproj/LaunchScreen.storyboard; sourceTree = "<group>"; };
		9A2D19241F9B3696009CD9C4 /* Info.plist */ = {isa = PBXFileReference; lastKnownFileType = text.plist.xml; path = Info.plist; sourceTree = "<group>"; };
		9A2D192D1F9B37D3009CD9C4 /* WordListBuilder.swift */ = {isa = PBXFileReference; lastKnownFileType = sourcecode.swift; path = WordListBuilder.swift; sourceTree = "<group>"; };
		9A2D192F1F9B385A009CD9C4 /* WordListViewModel.swift */ = {isa = PBXFileReference; lastKnownFileType = sourcecode.swift; path = WordListViewModel.swift; sourceTree = "<group>"; };
		9A2D19311F9B3905009CD9C4 /* Word.swift */ = {isa = PBXFileReference; lastKnownFileType = sourcecode.swift; path = Word.swift; sourceTree = "<group>"; };
		9A2D19331F9B3A0C009CD9C4 /* RootBuilder.swift */ = {isa = PBXFileReference; lastKnownFileType = sourcecode.swift; path = RootBuilder.swift; sourceTree = "<group>"; };
		9A2D19351F9B3B90009CD9C4 /* WordCell.swift */ = {isa = PBXFileReference; lastKnownFileType = sourcecode.swift; path = WordCell.swift; sourceTree = "<group>"; };
		9A4CCB181F95DEF000ACF758 /* FlexibleDiff.framework */ = {isa = PBXFileReference; explicitFileType = wrapper.framework; includeInIndex = 0; path = FlexibleDiff.framework; sourceTree = BUILT_PRODUCTS_DIR; };
		9A4CCB1C1F95DEF000ACF758 /* Info.plist */ = {isa = PBXFileReference; lastKnownFileType = text.plist.xml; path = Info.plist; sourceTree = "<group>"; };
		9A4CCB251F95E04C00ACF758 /* watchOS-Base.xcconfig */ = {isa = PBXFileReference; lastKnownFileType = text.xcconfig; path = "watchOS-Base.xcconfig"; sourceTree = "<group>"; };
		9A4CCB261F95E04C00ACF758 /* watchOS-Application.xcconfig */ = {isa = PBXFileReference; lastKnownFileType = text.xcconfig; path = "watchOS-Application.xcconfig"; sourceTree = "<group>"; };
		9A4CCB271F95E04C00ACF758 /* watchOS-StaticLibrary.xcconfig */ = {isa = PBXFileReference; lastKnownFileType = text.xcconfig; path = "watchOS-StaticLibrary.xcconfig"; sourceTree = "<group>"; };
		9A4CCB281F95E04C00ACF758 /* watchOS-Framework.xcconfig */ = {isa = PBXFileReference; lastKnownFileType = text.xcconfig; path = "watchOS-Framework.xcconfig"; sourceTree = "<group>"; };
		9A4CCB2A1F95E04C00ACF758 /* Mac-StaticLibrary.xcconfig */ = {isa = PBXFileReference; lastKnownFileType = text.xcconfig; path = "Mac-StaticLibrary.xcconfig"; sourceTree = "<group>"; };
		9A4CCB2B1F95E04C00ACF758 /* Mac-Framework.xcconfig */ = {isa = PBXFileReference; lastKnownFileType = text.xcconfig; path = "Mac-Framework.xcconfig"; sourceTree = "<group>"; };
		9A4CCB2C1F95E04C00ACF758 /* Mac-Base.xcconfig */ = {isa = PBXFileReference; lastKnownFileType = text.xcconfig; path = "Mac-Base.xcconfig"; sourceTree = "<group>"; };
		9A4CCB2D1F95E04C00ACF758 /* Mac-Application.xcconfig */ = {isa = PBXFileReference; lastKnownFileType = text.xcconfig; path = "Mac-Application.xcconfig"; sourceTree = "<group>"; };
		9A4CCB2E1F95E04C00ACF758 /* Mac-DynamicLibrary.xcconfig */ = {isa = PBXFileReference; lastKnownFileType = text.xcconfig; path = "Mac-DynamicLibrary.xcconfig"; sourceTree = "<group>"; };
		9A4CCB301F95E04C00ACF758 /* iOS-Framework.xcconfig */ = {isa = PBXFileReference; lastKnownFileType = text.xcconfig; path = "iOS-Framework.xcconfig"; sourceTree = "<group>"; };
		9A4CCB311F95E04C00ACF758 /* iOS-Extension.xcconfig */ = {isa = PBXFileReference; lastKnownFileType = text.xcconfig; path = "iOS-Extension.xcconfig"; sourceTree = "<group>"; };
		9A4CCB321F95E04C00ACF758 /* iOS-Base.xcconfig */ = {isa = PBXFileReference; lastKnownFileType = text.xcconfig; path = "iOS-Base.xcconfig"; sourceTree = "<group>"; };
		9A4CCB331F95E04C00ACF758 /* iOS-StaticLibrary.xcconfig */ = {isa = PBXFileReference; lastKnownFileType = text.xcconfig; path = "iOS-StaticLibrary.xcconfig"; sourceTree = "<group>"; };
		9A4CCB341F95E04C00ACF758 /* iOS-Application.xcconfig */ = {isa = PBXFileReference; lastKnownFileType = text.xcconfig; path = "iOS-Application.xcconfig"; sourceTree = "<group>"; };
		9A4CCB351F95E04C00ACF758 /* README.md */ = {isa = PBXFileReference; lastKnownFileType = net.daringfireball.markdown; path = README.md; sourceTree = "<group>"; };
		9A4CCB361F95E04C00ACF758 /* .gitignore */ = {isa = PBXFileReference; lastKnownFileType = text; path = .gitignore; sourceTree = "<group>"; };
		9A4CCB381F95E04C00ACF758 /* tvOS-Application.xcconfig */ = {isa = PBXFileReference; lastKnownFileType = text.xcconfig; path = "tvOS-Application.xcconfig"; sourceTree = "<group>"; };
		9A4CCB391F95E04C00ACF758 /* tvOS-Base.xcconfig */ = {isa = PBXFileReference; lastKnownFileType = text.xcconfig; path = "tvOS-Base.xcconfig"; sourceTree = "<group>"; };
		9A4CCB3A1F95E04C00ACF758 /* tvOS-StaticLibrary.xcconfig */ = {isa = PBXFileReference; lastKnownFileType = text.xcconfig; path = "tvOS-StaticLibrary.xcconfig"; sourceTree = "<group>"; };
		9A4CCB3B1F95E04C00ACF758 /* tvOS-Framework.xcconfig */ = {isa = PBXFileReference; lastKnownFileType = text.xcconfig; path = "tvOS-Framework.xcconfig"; sourceTree = "<group>"; };
		9A4CCB3E1F95E04C00ACF758 /* Profile.xcconfig */ = {isa = PBXFileReference; lastKnownFileType = text.xcconfig; path = Profile.xcconfig; sourceTree = "<group>"; };
		9A4CCB3F1F95E04C00ACF758 /* Debug.xcconfig */ = {isa = PBXFileReference; lastKnownFileType = text.xcconfig; path = Debug.xcconfig; sourceTree = "<group>"; };
		9A4CCB401F95E04C00ACF758 /* Release.xcconfig */ = {isa = PBXFileReference; lastKnownFileType = text.xcconfig; path = Release.xcconfig; sourceTree = "<group>"; };
		9A4CCB411F95E04C00ACF758 /* Test.xcconfig */ = {isa = PBXFileReference; lastKnownFileType = text.xcconfig; path = Test.xcconfig; sourceTree = "<group>"; };
		9A4CCB431F95E04C00ACF758 /* Extension.xcconfig */ = {isa = PBXFileReference; lastKnownFileType = text.xcconfig; path = Extension.xcconfig; sourceTree = "<group>"; };
		9A4CCB441F95E04C00ACF758 /* StaticLibrary.xcconfig */ = {isa = PBXFileReference; lastKnownFileType = text.xcconfig; path = StaticLibrary.xcconfig; sourceTree = "<group>"; };
		9A4CCB451F95E04C00ACF758 /* Application.xcconfig */ = {isa = PBXFileReference; lastKnownFileType = text.xcconfig; path = Application.xcconfig; sourceTree = "<group>"; };
		9A4CCB461F95E04C00ACF758 /* Framework.xcconfig */ = {isa = PBXFileReference; lastKnownFileType = text.xcconfig; path = Framework.xcconfig; sourceTree = "<group>"; };
		9A4CCB471F95E04C00ACF758 /* Common.xcconfig */ = {isa = PBXFileReference; lastKnownFileType = text.xcconfig; path = Common.xcconfig; sourceTree = "<group>"; };
		9A4CCB4C1F95E18900ACF758 /* FlexibleDiffTests.xctest */ = {isa = PBXFileReference; explicitFileType = wrapper.cfbundle; includeInIndex = 0; path = FlexibleDiffTests.xctest; sourceTree = BUILT_PRODUCTS_DIR; };
		9A4CCB501F95E18900ACF758 /* Info.plist */ = {isa = PBXFileReference; lastKnownFileType = text.plist.xml; path = Info.plist; sourceTree = "<group>"; };
		9A4CCB5B1F95E21700ACF758 /* Nimble.framework */ = {isa = PBXFileReference; explicitFileType = wrapper.framework; path = Nimble.framework; sourceTree = BUILT_PRODUCTS_DIR; };
		9A4CCB5C1F95E21700ACF758 /* Quick.framework */ = {isa = PBXFileReference; explicitFileType = wrapper.framework; path = Quick.framework; sourceTree = BUILT_PRODUCTS_DIR; };
		9A4CCB611F95E38A00ACF758 /* FlexibleDiff.h */ = {isa = PBXFileReference; lastKnownFileType = sourcecode.c.h; path = FlexibleDiff.h; sourceTree = "<group>"; };
		9AC7E0901F9B473100461122 /* WordListFlowController.swift */ = {isa = PBXFileReference; lastKnownFileType = sourcecode.swift; path = WordListFlowController.swift; sourceTree = "<group>"; };
		9AD5D4181F95F7FE00E6AE5A /* Changeset.swift */ = {isa = PBXFileReference; fileEncoding = 4; lastKnownFileType = sourcecode.swift; path = Changeset.swift; sourceTree = "<group>"; };
		9AD5D4191F95F7FE00E6AE5A /* Snapshot.swift */ = {isa = PBXFileReference; fileEncoding = 4; lastKnownFileType = sourcecode.swift; path = Snapshot.swift; sourceTree = "<group>"; };
		9AD5D41C1F95F80900E6AE5A /* Delta+NimbleMatcher.swift */ = {isa = PBXFileReference; fileEncoding = 4; lastKnownFileType = sourcecode.swift; path = "Delta+NimbleMatcher.swift"; sourceTree = "<group>"; };
		9AD5D41D1F95F80900E6AE5A /* ChangesetSpec.swift */ = {isa = PBXFileReference; fileEncoding = 4; lastKnownFileType = sourcecode.swift; path = ChangesetSpec.swift; sourceTree = "<group>"; };
/* End PBXFileReference section */

/* Begin PBXFrameworksBuildPhase section */
		9A2D19131F9B3696009CD9C4 /* Frameworks */ = {
			isa = PBXFrameworksBuildPhase;
			buildActionMask = 2147483647;
			files = (
				9A2D19281F9B3725009CD9C4 /* FlexibleDiff.framework in Frameworks */,
			);
			runOnlyForDeploymentPostprocessing = 0;
		};
		9A4CCB141F95DEF000ACF758 /* Frameworks */ = {
			isa = PBXFrameworksBuildPhase;
			buildActionMask = 2147483647;
			files = (
			);
			runOnlyForDeploymentPostprocessing = 0;
		};
		9A4CCB491F95E18900ACF758 /* Frameworks */ = {
			isa = PBXFrameworksBuildPhase;
			buildActionMask = 2147483647;
			files = (
				9A4CCB591F95E21700ACF758 /* Nimble.framework in Frameworks */,
				9A4CCB5A1F95E21700ACF758 /* Quick.framework in Frameworks */,
				9A4CCB511F95E18900ACF758 /* FlexibleDiff.framework in Frameworks */,
			);
			runOnlyForDeploymentPostprocessing = 0;
		};
/* End PBXFrameworksBuildPhase section */

/* Begin PBXGroup section */
		9A2D19171F9B3696009CD9C4 /* WordList */ = {
			isa = PBXGroup;
			children = (
				9A2D19181F9B3696009CD9C4 /* AppDelegate.swift */,
				9A2D19371F9B3B9F009CD9C4 /* Builders */,
				9AC7E08F1F9B472100461122 /* Flow Controller */,
				9A2D19391F9B3BB0009CD9C4 /* View Models */,
				9A2D193A1F9B3BC5009CD9C4 /* Views */,
				9A2D191F1F9B3696009CD9C4 /* Assets.xcassets */,
				9A2D19211F9B3696009CD9C4 /* LaunchScreen.storyboard */,
				9A2D19241F9B3696009CD9C4 /* Info.plist */,
			);
			path = WordList;
			sourceTree = "<group>";
		};
		9A2D19371F9B3B9F009CD9C4 /* Builders */ = {
			isa = PBXGroup;
			children = (
				9A2D19331F9B3A0C009CD9C4 /* RootBuilder.swift */,
				9A2D192D1F9B37D3009CD9C4 /* WordListBuilder.swift */,
			);
			name = Builders;
			sourceTree = "<group>";
		};
		9A2D19391F9B3BB0009CD9C4 /* View Models */ = {
			isa = PBXGroup;
			children = (
				9A2D192F1F9B385A009CD9C4 /* WordListViewModel.swift */,
				9A2D19311F9B3905009CD9C4 /* Word.swift */,
			);
			name = "View Models";
			sourceTree = "<group>";
		};
		9A2D193A1F9B3BC5009CD9C4 /* Views */ = {
			isa = PBXGroup;
			children = (
				9A2D191A1F9B3696009CD9C4 /* WordListViewController.swift */,
				9A2D19351F9B3B90009CD9C4 /* WordCell.swift */,
			);
			name = Views;
			sourceTree = "<group>";
		};
		9A4CCB0E1F95DEF000ACF758 = {
			isa = PBXGroup;
			children = (
				9A4CCB1A1F95DEF000ACF758 /* FlexibleDiff */,
				9A4CCB4D1F95E18900ACF758 /* FlexibleDiffTests */,
				9A2D19171F9B3696009CD9C4 /* WordList */,
				9A4CCB231F95E04C00ACF758 /* Configurations */,
				9A4CCB191F95DEF000ACF758 /* Products */,
				9A4CCB581F95E21700ACF758 /* Frameworks */,
			);
			indentWidth = 4;
			sourceTree = "<group>";
			tabWidth = 4;
			usesTabs = 1;
		};
		9A4CCB191F95DEF000ACF758 /* Products */ = {
			isa = PBXGroup;
			children = (
				9A4CCB181F95DEF000ACF758 /* FlexibleDiff.framework */,
				9A4CCB4C1F95E18900ACF758 /* FlexibleDiffTests.xctest */,
				9A2D19161F9B3696009CD9C4 /* WordList.app */,
			);
			name = Products;
			sourceTree = "<group>";
		};
		9A4CCB1A1F95DEF000ACF758 /* FlexibleDiff */ = {
			isa = PBXGroup;
			children = (
				9AD5D4181F95F7FE00E6AE5A /* Changeset.swift */,
				9AD5D4191F95F7FE00E6AE5A /* Snapshot.swift */,
				9A4CCB1C1F95DEF000ACF758 /* Info.plist */,
				9A4CCB611F95E38A00ACF758 /* FlexibleDiff.h */,
			);
			path = FlexibleDiff;
			sourceTree = "<group>";
		};
		9A4CCB231F95E04C00ACF758 /* Configurations */ = {
			isa = PBXGroup;
			children = (
				9A4CCB241F95E04C00ACF758 /* watchOS */,
				9A4CCB291F95E04C00ACF758 /* Mac OS X */,
				9A4CCB2F1F95E04C00ACF758 /* iOS */,
				9A4CCB351F95E04C00ACF758 /* README.md */,
				9A4CCB361F95E04C00ACF758 /* .gitignore */,
				9A4CCB371F95E04C00ACF758 /* tvOS */,
				9A4CCB3C1F95E04C00ACF758 /* Base */,
			);
			name = Configurations;
			path = Carthage/Checkouts/xcconfigs;
			sourceTree = "<group>";
		};
		9A4CCB241F95E04C00ACF758 /* watchOS */ = {
			isa = PBXGroup;
			children = (
				9A4CCB251F95E04C00ACF758 /* watchOS-Base.xcconfig */,
				9A4CCB261F95E04C00ACF758 /* watchOS-Application.xcconfig */,
				9A4CCB271F95E04C00ACF758 /* watchOS-StaticLibrary.xcconfig */,
				9A4CCB281F95E04C00ACF758 /* watchOS-Framework.xcconfig */,
			);
			path = watchOS;
			sourceTree = "<group>";
		};
		9A4CCB291F95E04C00ACF758 /* Mac OS X */ = {
			isa = PBXGroup;
			children = (
				9A4CCB2A1F95E04C00ACF758 /* Mac-StaticLibrary.xcconfig */,
				9A4CCB2B1F95E04C00ACF758 /* Mac-Framework.xcconfig */,
				9A4CCB2C1F95E04C00ACF758 /* Mac-Base.xcconfig */,
				9A4CCB2D1F95E04C00ACF758 /* Mac-Application.xcconfig */,
				9A4CCB2E1F95E04C00ACF758 /* Mac-DynamicLibrary.xcconfig */,
			);
			path = "Mac OS X";
			sourceTree = "<group>";
		};
		9A4CCB2F1F95E04C00ACF758 /* iOS */ = {
			isa = PBXGroup;
			children = (
				9A4CCB301F95E04C00ACF758 /* iOS-Framework.xcconfig */,
				9A4CCB311F95E04C00ACF758 /* iOS-Extension.xcconfig */,
				9A4CCB321F95E04C00ACF758 /* iOS-Base.xcconfig */,
				9A4CCB331F95E04C00ACF758 /* iOS-StaticLibrary.xcconfig */,
				9A4CCB341F95E04C00ACF758 /* iOS-Application.xcconfig */,
			);
			path = iOS;
			sourceTree = "<group>";
		};
		9A4CCB371F95E04C00ACF758 /* tvOS */ = {
			isa = PBXGroup;
			children = (
				9A4CCB381F95E04C00ACF758 /* tvOS-Application.xcconfig */,
				9A4CCB391F95E04C00ACF758 /* tvOS-Base.xcconfig */,
				9A4CCB3A1F95E04C00ACF758 /* tvOS-StaticLibrary.xcconfig */,
				9A4CCB3B1F95E04C00ACF758 /* tvOS-Framework.xcconfig */,
			);
			path = tvOS;
			sourceTree = "<group>";
		};
		9A4CCB3C1F95E04C00ACF758 /* Base */ = {
			isa = PBXGroup;
			children = (
				9A4CCB3D1F95E04C00ACF758 /* Configurations */,
				9A4CCB421F95E04C00ACF758 /* Targets */,
				9A4CCB471F95E04C00ACF758 /* Common.xcconfig */,
			);
			path = Base;
			sourceTree = "<group>";
		};
		9A4CCB3D1F95E04C00ACF758 /* Configurations */ = {
			isa = PBXGroup;
			children = (
				9A4CCB3E1F95E04C00ACF758 /* Profile.xcconfig */,
				9A4CCB3F1F95E04C00ACF758 /* Debug.xcconfig */,
				9A4CCB401F95E04C00ACF758 /* Release.xcconfig */,
				9A4CCB411F95E04C00ACF758 /* Test.xcconfig */,
			);
			path = Configurations;
			sourceTree = "<group>";
		};
		9A4CCB421F95E04C00ACF758 /* Targets */ = {
			isa = PBXGroup;
			children = (
				9A4CCB431F95E04C00ACF758 /* Extension.xcconfig */,
				9A4CCB441F95E04C00ACF758 /* StaticLibrary.xcconfig */,
				9A4CCB451F95E04C00ACF758 /* Application.xcconfig */,
				9A4CCB461F95E04C00ACF758 /* Framework.xcconfig */,
			);
			path = Targets;
			sourceTree = "<group>";
		};
		9A4CCB4D1F95E18900ACF758 /* FlexibleDiffTests */ = {
			isa = PBXGroup;
			children = (
				9AD5D41D1F95F80900E6AE5A /* ChangesetSpec.swift */,
				9AD5D41C1F95F80900E6AE5A /* Delta+NimbleMatcher.swift */,
				9A4CCB501F95E18900ACF758 /* Info.plist */,
			);
			path = FlexibleDiffTests;
			sourceTree = "<group>";
		};
		9A4CCB581F95E21700ACF758 /* Frameworks */ = {
			isa = PBXGroup;
			children = (
				9A4CCB5B1F95E21700ACF758 /* Nimble.framework */,
				9A4CCB5C1F95E21700ACF758 /* Quick.framework */,
			);
			name = Frameworks;
			sourceTree = "<group>";
		};
		9AC7E08F1F9B472100461122 /* Flow Controller */ = {
			isa = PBXGroup;
			children = (
				9AC7E0901F9B473100461122 /* WordListFlowController.swift */,
			);
			name = "Flow Controller";
			sourceTree = "<group>";
		};
/* End PBXGroup section */

/* Begin PBXHeadersBuildPhase section */
		9A4CCB151F95DEF000ACF758 /* Headers */ = {
			isa = PBXHeadersBuildPhase;
			buildActionMask = 2147483647;
			files = (
				9A4CCB621F95E38A00ACF758 /* FlexibleDiff.h in Headers */,
			);
			runOnlyForDeploymentPostprocessing = 0;
		};
/* End PBXHeadersBuildPhase section */

/* Begin PBXNativeTarget section */
		9A2D19151F9B3696009CD9C4 /* WordList */ = {
			isa = PBXNativeTarget;
			buildConfigurationList = 9A2D19271F9B3696009CD9C4 /* Build configuration list for PBXNativeTarget "WordList" */;
			buildPhases = (
				9A2D19121F9B3696009CD9C4 /* Sources */,
				9A2D19131F9B3696009CD9C4 /* Frameworks */,
				9A2D19141F9B3696009CD9C4 /* Resources */,
				9A2D192C1F9B3725009CD9C4 /* Embed Frameworks */,
			);
			buildRules = (
			);
			dependencies = (
				9A2D192B1F9B3725009CD9C4 /* PBXTargetDependency */,
			);
			name = WordList;
			productName = WordList;
			productReference = 9A2D19161F9B3696009CD9C4 /* WordList.app */;
			productType = "com.apple.product-type.application";
		};
		9A4CCB171F95DEF000ACF758 /* FlexibleDiff */ = {
			isa = PBXNativeTarget;
			buildConfigurationList = 9A4CCB201F95DEF000ACF758 /* Build configuration list for PBXNativeTarget "FlexibleDiff" */;
			buildPhases = (
				9A4CCB131F95DEF000ACF758 /* Sources */,
				9A4CCB141F95DEF000ACF758 /* Frameworks */,
				9A4CCB151F95DEF000ACF758 /* Headers */,
				9A4CCB161F95DEF000ACF758 /* Resources */,
			);
			buildRules = (
			);
			dependencies = (
			);
			name = FlexibleDiff;
			productName = FlexibleDiff;
			productReference = 9A4CCB181F95DEF000ACF758 /* FlexibleDiff.framework */;
			productType = "com.apple.product-type.framework";
		};
		9A4CCB4B1F95E18900ACF758 /* FlexibleDiffTests */ = {
			isa = PBXNativeTarget;
			buildConfigurationList = 9A4CCB541F95E18900ACF758 /* Build configuration list for PBXNativeTarget "FlexibleDiffTests" */;
			buildPhases = (
				9A4CCB481F95E18900ACF758 /* Sources */,
				9A4CCB491F95E18900ACF758 /* Frameworks */,
				9A4CCB4A1F95E18900ACF758 /* Resources */,
				9A4CCB571F95E20600ACF758 /* CopyFiles */,
			);
			buildRules = (
			);
			dependencies = (
				9A4CCB531F95E18900ACF758 /* PBXTargetDependency */,
			);
			name = FlexibleDiffTests;
			productName = FlexibleDiffTests;
			productReference = 9A4CCB4C1F95E18900ACF758 /* FlexibleDiffTests.xctest */;
			productType = "com.apple.product-type.bundle.unit-test";
		};
/* End PBXNativeTarget section */

/* Begin PBXProject section */
		9A4CCB0F1F95DEF000ACF758 /* Project object */ = {
			isa = PBXProject;
			attributes = {
				LastSwiftUpdateCheck = 0900;
				LastUpgradeCheck = 0900;
				ORGANIZATIONNAME = ReactiveCocoa;
				TargetAttributes = {
					9A2D19151F9B3696009CD9C4 = {
						CreatedOnToolsVersion = 9.0;
						ProvisioningStyle = Manual;
					};
					9A4CCB171F95DEF000ACF758 = {
						CreatedOnToolsVersion = 9.0;
						LastSwiftMigration = 0900;
						ProvisioningStyle = Manual;
					};
					9A4CCB4B1F95E18900ACF758 = {
						CreatedOnToolsVersion = 9.0;
						LastSwiftMigration = 0900;
						ProvisioningStyle = Manual;
					};
				};
			};
			buildConfigurationList = 9A4CCB121F95DEF000ACF758 /* Build configuration list for PBXProject "FlexibleDiff" */;
			compatibilityVersion = "Xcode 8.0";
			developmentRegion = en;
			hasScannedForEncodings = 0;
			knownRegions = (
				en,
				Base,
			);
			mainGroup = 9A4CCB0E1F95DEF000ACF758;
			productRefGroup = 9A4CCB191F95DEF000ACF758 /* Products */;
			projectDirPath = "";
			projectRoot = "";
			targets = (
				9A4CCB171F95DEF000ACF758 /* FlexibleDiff */,
				9A4CCB4B1F95E18900ACF758 /* FlexibleDiffTests */,
				9A2D19151F9B3696009CD9C4 /* WordList */,
			);
		};
/* End PBXProject section */

/* Begin PBXResourcesBuildPhase section */
		9A2D19141F9B3696009CD9C4 /* Resources */ = {
			isa = PBXResourcesBuildPhase;
			buildActionMask = 2147483647;
			files = (
				9A2D19231F9B3696009CD9C4 /* LaunchScreen.storyboard in Resources */,
				9A2D19201F9B3696009CD9C4 /* Assets.xcassets in Resources */,
			);
			runOnlyForDeploymentPostprocessing = 0;
		};
		9A4CCB161F95DEF000ACF758 /* Resources */ = {
			isa = PBXResourcesBuildPhase;
			buildActionMask = 2147483647;
			files = (
			);
			runOnlyForDeploymentPostprocessing = 0;
		};
		9A4CCB4A1F95E18900ACF758 /* Resources */ = {
			isa = PBXResourcesBuildPhase;
			buildActionMask = 2147483647;
			files = (
			);
			runOnlyForDeploymentPostprocessing = 0;
		};
/* End PBXResourcesBuildPhase section */

/* Begin PBXSourcesBuildPhase section */
		9A2D19121F9B3696009CD9C4 /* Sources */ = {
			isa = PBXSourcesBuildPhase;
			buildActionMask = 2147483647;
			files = (
				9A2D191B1F9B3696009CD9C4 /* WordListViewController.swift in Sources */,
				9A2D19191F9B3696009CD9C4 /* AppDelegate.swift in Sources */,
				9A2D19361F9B3B90009CD9C4 /* WordCell.swift in Sources */,
				9AC7E0911F9B473100461122 /* WordListFlowController.swift in Sources */,
				9A2D19321F9B3905009CD9C4 /* Word.swift in Sources */,
				9A2D19301F9B385A009CD9C4 /* WordListViewModel.swift in Sources */,
				9A2D192E1F9B37D3009CD9C4 /* WordListBuilder.swift in Sources */,
				9A2D19341F9B3A0C009CD9C4 /* RootBuilder.swift in Sources */,
			);
			runOnlyForDeploymentPostprocessing = 0;
		};
		9A4CCB131F95DEF000ACF758 /* Sources */ = {
			isa = PBXSourcesBuildPhase;
			buildActionMask = 2147483647;
			files = (
				9AD5D41A1F95F7FE00E6AE5A /* Changeset.swift in Sources */,
				9AD5D41B1F95F7FE00E6AE5A /* Snapshot.swift in Sources */,
			);
			runOnlyForDeploymentPostprocessing = 0;
		};
		9A4CCB481F95E18900ACF758 /* Sources */ = {
			isa = PBXSourcesBuildPhase;
			buildActionMask = 2147483647;
			files = (
				9AD5D41E1F95F80900E6AE5A /* Delta+NimbleMatcher.swift in Sources */,
				9AD5D41F1F95F80900E6AE5A /* ChangesetSpec.swift in Sources */,
			);
			runOnlyForDeploymentPostprocessing = 0;
		};
/* End PBXSourcesBuildPhase section */

/* Begin PBXTargetDependency section */
		9A2D192B1F9B3725009CD9C4 /* PBXTargetDependency */ = {
			isa = PBXTargetDependency;
			target = 9A4CCB171F95DEF000ACF758 /* FlexibleDiff */;
			targetProxy = 9A2D192A1F9B3725009CD9C4 /* PBXContainerItemProxy */;
		};
		9A4CCB531F95E18900ACF758 /* PBXTargetDependency */ = {
			isa = PBXTargetDependency;
			target = 9A4CCB171F95DEF000ACF758 /* FlexibleDiff */;
			targetProxy = 9A4CCB521F95E18900ACF758 /* PBXContainerItemProxy */;
		};
/* End PBXTargetDependency section */

/* Begin PBXVariantGroup section */
		9A2D19211F9B3696009CD9C4 /* LaunchScreen.storyboard */ = {
			isa = PBXVariantGroup;
			children = (
				9A2D19221F9B3696009CD9C4 /* Base */,
			);
			name = LaunchScreen.storyboard;
			sourceTree = "<group>";
		};
/* End PBXVariantGroup section */

/* Begin XCBuildConfiguration section */
		9A2D19251F9B3696009CD9C4 /* Debug */ = {
			isa = XCBuildConfiguration;
			baseConfigurationReference = 9A4CCB341F95E04C00ACF758 /* iOS-Application.xcconfig */;
			buildSettings = {
				ALWAYS_EMBED_SWIFT_STANDARD_LIBRARIES = YES;
				ASSETCATALOG_COMPILER_APPICON_NAME = AppIcon;
				INFOPLIST_FILE = WordList/Info.plist;
				IPHONEOS_DEPLOYMENT_TARGET = 11.0;
				LD_RUNPATH_SEARCH_PATHS = "$(inherited) @executable_path/Frameworks";
				PRODUCT_BUNDLE_IDENTIFIER = org.reactivecocoa.WordList;
				PRODUCT_NAME = "$(TARGET_NAME)";
				SDKROOT = iphoneos;
				TARGETED_DEVICE_FAMILY = "1,2";
			};
			name = Debug;
		};
		9A2D19261F9B3696009CD9C4 /* Release */ = {
			isa = XCBuildConfiguration;
			baseConfigurationReference = 9A4CCB341F95E04C00ACF758 /* iOS-Application.xcconfig */;
			buildSettings = {
				ALWAYS_EMBED_SWIFT_STANDARD_LIBRARIES = YES;
				ASSETCATALOG_COMPILER_APPICON_NAME = AppIcon;
				INFOPLIST_FILE = WordList/Info.plist;
				IPHONEOS_DEPLOYMENT_TARGET = 11.0;
				LD_RUNPATH_SEARCH_PATHS = "$(inherited) @executable_path/Frameworks";
				PRODUCT_BUNDLE_IDENTIFIER = org.reactivecocoa.WordList;
				PRODUCT_NAME = "$(TARGET_NAME)";
				SDKROOT = iphoneos;
				TARGETED_DEVICE_FAMILY = "1,2";
			};
			name = Release;
		};
		9A4CCB1E1F95DEF000ACF758 /* Debug */ = {
			isa = XCBuildConfiguration;
			baseConfigurationReference = 9A4CCB3F1F95E04C00ACF758 /* Debug.xcconfig */;
			buildSettings = {
				CODE_SIGN_STYLE = Manual;
				CURRENT_PROJECT_VERSION = 1;
				IPHONEOS_DEPLOYMENT_TARGET = 8.0;
				LD_RUNPATH_SEARCH_PATHS = "@loader_path/../Frameworks @loader_path/Frameworks @executable_path/Frameworks @executable_path/../Frameworks";
				MACOSX_DEPLOYMENT_TARGET = 10.9;
				MTL_ENABLE_DEBUG_INFO = YES;
				SDKROOT = macosx;
				SWIFT_ACTIVE_COMPILATION_CONDITIONS = DEBUG;
				SWIFT_VERSION = 4.0;
				TVOS_DEPLOYMENT_TARGET = 9.0;
				VERSIONING_SYSTEM = "apple-generic";
				VERSION_INFO_PREFIX = "";
				WATCHOS_DEPLOYMENT_TARGET = 2.0;
			};
			name = Debug;
		};
		9A4CCB1F1F95DEF000ACF758 /* Release */ = {
			isa = XCBuildConfiguration;
			baseConfigurationReference = 9A4CCB401F95E04C00ACF758 /* Release.xcconfig */;
			buildSettings = {
				CODE_SIGN_STYLE = Manual;
				CURRENT_PROJECT_VERSION = 1;
				IPHONEOS_DEPLOYMENT_TARGET = 8.0;
				LD_RUNPATH_SEARCH_PATHS = "@loader_path/../Frameworks @loader_path/Frameworks @executable_path/Frameworks @executable_path/../Frameworks";
				MACOSX_DEPLOYMENT_TARGET = 10.9;
				MTL_ENABLE_DEBUG_INFO = NO;
				SDKROOT = macosx;
				SWIFT_VERSION = 4.0;
				TVOS_DEPLOYMENT_TARGET = 9.0;
				VERSIONING_SYSTEM = "apple-generic";
				VERSION_INFO_PREFIX = "";
				WATCHOS_DEPLOYMENT_TARGET = 2.0;
			};
			name = Release;
		};
		9A4CCB211F95DEF000ACF758 /* Debug */ = {
			isa = XCBuildConfiguration;
			baseConfigurationReference = 9A4CCB461F95E04C00ACF758 /* Framework.xcconfig */;
			buildSettings = {
				DYLIB_COMPATIBILITY_VERSION = 1;
				DYLIB_CURRENT_VERSION = 1;
				DYLIB_INSTALL_NAME_BASE = "@rpath";
				INFOPLIST_FILE = FlexibleDiff/Info.plist;
				MACH_O_TYPE = staticlib;
				PRODUCT_BUNDLE_IDENTIFIER = org.reactivecocoa.FlexibleDiff;
				PRODUCT_NAME = "$(TARGET_NAME:c99extidentifier)";
				SUPPORTED_PLATFORMS = "macosx iphonesimulator iphoneos watchsimulator watchos appletvsimulator appletvos";
				TARGETED_DEVICE_FAMILY = "1,2,3,4";
				VALID_ARCHS = "i386 x86_64 arm64 armv7 armv7s armv7k";
			};
			name = Debug;
		};
		9A4CCB221F95DEF000ACF758 /* Release */ = {
			isa = XCBuildConfiguration;
			baseConfigurationReference = 9A4CCB461F95E04C00ACF758 /* Framework.xcconfig */;
			buildSettings = {
				DYLIB_COMPATIBILITY_VERSION = 1;
				DYLIB_CURRENT_VERSION = 1;
				DYLIB_INSTALL_NAME_BASE = "@rpath";
				INFOPLIST_FILE = FlexibleDiff/Info.plist;
				MACH_O_TYPE = staticlib;
				PRODUCT_BUNDLE_IDENTIFIER = org.reactivecocoa.FlexibleDiff;
				PRODUCT_NAME = "$(TARGET_NAME:c99extidentifier)";
				SUPPORTED_PLATFORMS = "macosx iphonesimulator iphoneos watchsimulator watchos appletvsimulator appletvos";
				TARGETED_DEVICE_FAMILY = "1,2,3,4";
				VALID_ARCHS = "i386 x86_64 arm64 armv7 armv7s armv7k";
			};
			name = Release;
		};
		9A4CCB551F95E18900ACF758 /* Debug */ = {
			isa = XCBuildConfiguration;
			baseConfigurationReference = 9A4CCB411F95E04C00ACF758 /* Test.xcconfig */;
			buildSettings = {
				ALWAYS_EMBED_SWIFT_STANDARD_LIBRARIES = YES;
				INFOPLIST_FILE = FlexibleDiffTests/Info.plist;
				PRODUCT_BUNDLE_IDENTIFIER = org.reactivecocoa.FlexibleDiffTests;
				PRODUCT_NAME = "$(TARGET_NAME)";
				SUPPORTED_PLATFORMS = "macosx appletvsimulator watchsimulator iphonesimulator";
			};
			name = Debug;
		};
		9A4CCB561F95E18900ACF758 /* Release */ = {
			isa = XCBuildConfiguration;
			baseConfigurationReference = 9A4CCB411F95E04C00ACF758 /* Test.xcconfig */;
			buildSettings = {
				ALWAYS_EMBED_SWIFT_STANDARD_LIBRARIES = YES;
				INFOPLIST_FILE = FlexibleDiffTests/Info.plist;
				PRODUCT_BUNDLE_IDENTIFIER = org.reactivecocoa.FlexibleDiffTests;
				PRODUCT_NAME = "$(TARGET_NAME)";
				SUPPORTED_PLATFORMS = "macosx appletvsimulator watchsimulator iphonesimulator";
			};
			name = Release;
		};
/* End XCBuildConfiguration section */

/* Begin XCConfigurationList section */
		9A2D19271F9B3696009CD9C4 /* Build configuration list for PBXNativeTarget "WordList" */ = {
			isa = XCConfigurationList;
			buildConfigurations = (
				9A2D19251F9B3696009CD9C4 /* Debug */,
				9A2D19261F9B3696009CD9C4 /* Release */,
			);
			defaultConfigurationIsVisible = 0;
			defaultConfigurationName = Release;
		};
		9A4CCB121F95DEF000ACF758 /* Build configuration list for PBXProject "FlexibleDiff" */ = {
			isa = XCConfigurationList;
			buildConfigurations = (
				9A4CCB1E1F95DEF000ACF758 /* Debug */,
				9A4CCB1F1F95DEF000ACF758 /* Release */,
			);
			defaultConfigurationIsVisible = 0;
			defaultConfigurationName = Release;
		};
		9A4CCB201F95DEF000ACF758 /* Build configuration list for PBXNativeTarget "FlexibleDiff" */ = {
			isa = XCConfigurationList;
			buildConfigurations = (
				9A4CCB211F95DEF000ACF758 /* Debug */,
				9A4CCB221F95DEF000ACF758 /* Release */,
			);
			defaultConfigurationIsVisible = 0;
			defaultConfigurationName = Release;
		};
		9A4CCB541F95E18900ACF758 /* Build configuration list for PBXNativeTarget "FlexibleDiffTests" */ = {
			isa = XCConfigurationList;
			buildConfigurations = (
				9A4CCB551F95E18900ACF758 /* Debug */,
				9A4CCB561F95E18900ACF758 /* Release */,
			);
			defaultConfigurationIsVisible = 0;
			defaultConfigurationName = Release;
		};
/* End XCConfigurationList section */
	};
	rootObject = 9A4CCB0F1F95DEF000ACF758 /* Project object */;
}
